{
  "pins" : [
    {
      "identity" : "avfaudioextensions",
      "kind" : "remoteSourceControl",
      "location" : "https://github.com/sbooth/AVFAudioExtensions",
      "state" : {
        "revision" : "a9616556eb3ed9751fc6e036c2197540036567ee",
        "version" : "0.4.1"
      }
    },
    {
      "identity" : "cdumb",
      "kind" : "remoteSourceControl",
      "location" : "https://github.com/sbooth/CDUMB",
      "state" : {
        "revision" : "0cceb710cad35b9aaf5bb6b65faf71436b6aa7c3",
        "version" : "2.0.3"
      }
    },
    {
      "identity" : "cspeex",
      "kind" : "remoteSourceControl",
      "location" : "https://github.com/sbooth/CSpeex",
      "state" : {
        "revision" : "ba33fd93d54d8e7fc93b8a1d27991e756bac7345",
        "version" : "1.2.1"
      }
    },
    {
      "identity" : "cxxaudiotoolbox",
      "kind" : "remoteSourceControl",
      "location" : "https://github.com/sbooth/CXXAudioToolbox",
      "state" : {
        "revision" : "015be5ec6ede8410856a9fcac96fdb39ccca2ca1",
        "version" : "0.1.0"
      }
    },
    {
      "identity" : "cxxcoreaudio",
      "kind" : "remoteSourceControl",
      "location" : "https://github.com/sbooth/CXXCoreAudio",
      "state" : {
        "revision" : "f801cbff3ca5e3972db8b6d47d0dbbc1bd48d2ed",
        "version" : "0.1.0"
      }
    },
    {
      "identity" : "cxxmonkeysaudio",
      "kind" : "remoteSourceControl",
      "location" : "https://github.com/sbooth/CXXMonkeysAudio",
      "state" : {
        "revision" : "f8f445c5e545cf78ec8c097a3c236659e1e4ba8b",
        "version" : "11.82.0"
      }
    },
    {
      "identity" : "cxxringbuffer",
      "kind" : "remoteSourceControl",
      "location" : "https://github.com/sbooth/CXXRingBuffer",
      "state" : {
        "revision" : "85681ee616701bc243e8840afd480ff3bcba148f",
        "version" : "0.1.0"
      }
    },
    {
      "identity" : "cxxtaglib",
      "kind" : "remoteSourceControl",
      "location" : "https://github.com/sbooth/CXXTagLib",
      "state" : {
        "revision" : "a243fefb04d56eeade7669b4ec90dc2997089fbb",
        "version" : "2.1.1"
      }
    },
    {
      "identity" : "cxxunfairlock",
      "kind" : "remoteSourceControl",
      "location" : "https://github.com/sbooth/CXXUnfairLock",
      "state" : {
        "revision" : "2d4662d15f63178229948f8624171a9ac9df865f",
        "version" : "0.1.0"
      }
    },
    {
      "identity" : "flac-binary-xcframework",
      "kind" : "remoteSourceControl",
      "location" : "https://github.com/sbooth/flac-binary-xcframework",
      "state" : {
        "revision" : "9005dc2cd455765fb6824eb215c9703429bbe8ff",
        "version" : "0.2.0"
      }
    },
    {
      "identity" : "lame-binary-xcframework",
      "kind" : "remoteSourceControl",
      "location" : "https://github.com/sbooth/lame-binary-xcframework",
      "state" : {
        "revision" : "07703e040231d50f2e7f160c670f356f129a00e4",
        "version" : "0.1.2"
      }
    },
    {
      "identity" : "mpc-binary-xcframework",
      "kind" : "remoteSourceControl",
      "location" : "https://github.com/sbooth/mpc-binary-xcframework",
      "state" : {
        "revision" : "de4b45fa64ed88467806c50217e9da7032a99d80",
        "version" : "0.1.2"
      }
    },
    {
      "identity" : "mpg123-binary-xcframework",
      "kind" : "remoteSourceControl",
      "location" : "https://github.com/sbooth/mpg123-binary-xcframework",
      "state" : {
        "revision" : "a678f1f21ed6f0350fc1ded94259ebe1f8e802b9",
        "version" : "0.2.3"
      }
    },
    {
      "identity" : "ogg-binary-xcframework",
      "kind" : "remoteSourceControl",
      "location" : "https://github.com/sbooth/ogg-binary-xcframework",
      "state" : {
        "revision" : "c0e822e18738ad913864e98d9614927ac1e9337c",
        "version" : "0.1.2"
      }
    },
    {
      "identity" : "opus-binary-xcframework",
      "kind" : "remoteSourceControl",
      "location" : "https://github.com/sbooth/opus-binary-xcframework",
      "state" : {
        "revision" : "74201a6af424e7e3a007fd5e401e9d2ce6896628",
        "version" : "0.2.2"
      }
    },
    {
      "identity" : "sndfile-binary-xcframework",
      "kind" : "remoteSourceControl",
      "location" : "https://github.com/sbooth/sndfile-binary-xcframework",
      "state" : {
        "revision" : "52f73460dc04ba789ad3007ad004faa328b732dd",
        "version" : "0.1.2"
      }
    },
    {
      "identity" : "tta-cpp-binary-xcframework",
      "kind" : "remoteSourceControl",
      "location" : "https://github.com/sbooth/tta-cpp-binary-xcframework",
      "state" : {
        "revision" : "b68cf8a127936434cae93aa2c613d4b47eb34de4",
        "version" : "0.1.2"
      }
    },
    {
      "identity" : "vorbis-binary-xcframework",
      "kind" : "remoteSourceControl",
      "location" : "https://github.com/sbooth/vorbis-binary-xcframework",
      "state" : {
        "revision" : "842020eabcebe410e698c68545d6597b2d232e51",
        "version" : "0.1.2"
      }
    },
    {
      "identity" : "wavpack-binary-xcframework",
      "kind" : "remoteSourceControl",
      "location" : "https://github.com/sbooth/wavpack-binary-xcframework",
      "state" : {
        "revision" : "4463d800294a573ac8902b5d100e4a8676df6086",
        "version" : "0.1.2"
      }
    }
  ],
  "version" : 2
}
