{
  "pins" : [
    {
      "identity" : "avfaudioextensions",
      "kind" : "remoteSourceControl",
      "location" : "https://github.com/sbooth/AVFAudioExtensions",
      "state" : {
        "revision" : "16b850dd542bbe8001b02596595309c8171f002d",
        "version" : "0.4.2"
      }
    },
    {
      "identity" : "cdumb",
      "kind" : "remoteSourceControl",
      "location" : "https://github.com/sbooth/CDUMB",
      "state" : {
        "revision" : "0cceb710cad35b9aaf5bb6b65faf71436b6aa7c3",
        "version" : "2.0.3"
      }
    },
    {
      "identity" : "cspeex",
      "kind" : "remoteSourceControl",
      "location" : "https://github.com/sbooth/CSpeex",
      "state" : {
        "revision" : "ba33fd93d54d8e7fc93b8a1d27991e756bac7345",
        "version" : "1.2.1"
      }
    },
    {
      "identity" : "cxxaudiotoolbox",
      "kind" : "remoteSourceControl",
      "location" : "https://github.com/sbooth/CXXAudioToolbox",
      "state" : {
        "revision" : "781eb0c5f89607d31fcc7450f44b6f9d81a10340",
        "version" : "0.2.0"
      }
    },
    {
      "identity" : "cxxcoreaudio",
      "kind" : "remoteSourceControl",
      "location" : "https://github.com/sbooth/CXXCoreAudio",
      "state" : {
        "revision" : "e5795a1600e5d1fd09b7b931247b4e961181d980",
        "version" : "0.5.0"
      }
    },
    {
      "identity" : "cxxmonkeysaudio",
      "kind" : "remoteSourceControl",
      "location" : "https://github.com/sbooth/CXXMonkeysAudio",
      "state" : {
        "revision" : "f8f445c5e545cf78ec8c097a3c236659e1e4ba8b",
        "version" : "11.82.0"
      }
    },
    {
      "identity" : "cxxringbuffer",
      "kind" : "remoteSourceControl",
      "location" : "https://github.com/sbooth/CXXRingBuffer",
      "state" : {
        "revision" : "1577c5e2afc15c76c329eeb4210447d077c75e07",
        "version" : "0.5.1"
      }
    },
    {
      "identity" : "cxxtaglib",
      "kind" : "remoteSourceControl",
      "location" : "https://github.com/sbooth/CXXTagLib",
      "state" : {
        "revision" : "a243fefb04d56eeade7669b4ec90dc2997089fbb",
        "version" : "2.1.1"
      }
    },
    {
      "identity" : "cxxunfairlock",
      "kind" : "remoteSourceControl",
      "location" : "https://github.com/sbooth/CXXUnfairLock",
      "state" : {
        "revision" : "2d4662d15f63178229948f8624171a9ac9df865f",
        "version" : "0.1.0"
      }
    },
    {
      "identity" : "flac-binary-xcframework",
      "kind" : "remoteSourceControl",
      "location" : "https://github.com/sbooth/flac-binary-xcframework",
      "state" : {
        "revision" : "9005dc2cd455765fb6824eb215c9703429bbe8ff",
        "version" : "0.2.0"
      }
    },
    {
      "identity" : "lame-binary-xcframework",
      "kind" : "remoteSourceControl",
      "location" : "https://github.com/sbooth/lame-binary-xcframework",
      "state" : {
        "revision" : "07703e040231d50f2e7f160c670f356f129a00e4",
        "version" : "0.1.2"
      }
    },
    {
      "identity" : "mpc-binary-xcframework",
      "kind" : "remoteSourceControl",
      "location" : "https://github.com/sbooth/mpc-binary-xcframework",
      "state" : {
        "revision" : "de4b45fa64ed88467806c50217e9da7032a99d80",
        "version" : "0.1.2"
      }
    },
    {
      "identity" : "mpg123-binary-xcframework",
      "kind" : "remoteSourceControl",
      "location" : "https://github.com/sbooth/mpg123-binary-xcframework",
      "state" : {
        "revision" : "54f515998ff4604e87bd27cf15e57089881cf3ff",
        "version" : "0.3.0"
      }
    },
    {
      "identity" : "ogg-binary-xcframework",
      "kind" : "remoteSourceControl",
      "location" : "https://github.com/sbooth/ogg-binary-xcframework",
      "state" : {
        "revision" : "48cbf24e7fb5d329b1f5e24cd2e5b048585ff770",
        "version" : "0.1.3"
      }
    },
    {
      "identity" : "opus-binary-xcframework",
      "kind" : "remoteSourceControl",
      "location" : "https://github.com/sbooth/opus-binary-xcframework",
      "state" : {
        "revision" : "74201a6af424e7e3a007fd5e401e9d2ce6896628",
        "version" : "0.2.2"
      }
    },
    {
      "identity" : "sndfile-binary-xcframework",
      "kind" : "remoteSourceControl",
      "location" : "https://github.com/sbooth/sndfile-binary-xcframework",
      "state" : {
        "revision" : "52f73460dc04ba789ad3007ad004faa328b732dd",
        "version" : "0.1.2"
      }
    },
    {
      "identity" : "tta-cpp-binary-xcframework",
      "kind" : "remoteSourceControl",
      "location" : "https://github.com/sbooth/tta-cpp-binary-xcframework",
      "state" : {
        "revision" : "b68cf8a127936434cae93aa2c613d4b47eb34de4",
        "version" : "0.1.2"
      }
    },
    {
      "identity" : "vorbis-binary-xcframework",
      "kind" : "remoteSourceControl",
      "location" : "https://github.com/sbooth/vorbis-binary-xcframework",
      "state" : {
        "revision" : "842020eabcebe410e698c68545d6597b2d232e51",
        "version" : "0.1.2"
      }
    },
    {
      "identity" : "wavpack-binary-xcframework",
      "kind" : "remoteSourceControl",
      "location" : "https://github.com/sbooth/wavpack-binary-xcframework",
      "state" : {
        "revision" : "4463d800294a573ac8902b5d100e4a8676df6086",
        "version" : "0.1.2"
      }
    }
  ],
  "version" : 2
}
