// !$*UTF8*$!
{
	archiveVersion = 1;
	classes = {
	};
	objectVersion = 46;
	objects = {

/* Begin PBXBuildFile section */
		32150C5710AB3778008913B5 /* CoreAudio.framework in Frameworks */ = {isa = PBXBuildFile; fileRef = 32379E8A1093D35700DD5B34 /* CoreAudio.framework */; };
		32379E8B1093D35700DD5B34 /* CoreAudio.framework in Frameworks */ = {isa = PBXBuildFile; fileRef = 32379E8A1093D35700DD5B34 /* CoreAudio.framework */; };
		3252E84310CC9E5000F1AA23 /* SFBAudioEngine.framework in Frameworks */ = {isa = PBXBuildFile; fileRef = 32C212D51091116D00BA2493 /* SFBAudioEngine.framework */; };
		3252E85B10CC9EFD00F1AA23 /* main.m in Sources */ = {isa = PBXBuildFile; fileRef = 3252E85510CC9EFD00F1AA23 /* main.m */; };
		3252E85C10CC9EFD00F1AA23 /* PlayerWindow.xib in Resources */ = {isa = PBXBuildFile; fileRef = 3252E85610CC9EFD00F1AA23 /* PlayerWindow.xib */; };
		3252E85D10CC9EFD00F1AA23 /* PlayerWindowController.mm in Sources */ = {isa = PBXBuildFile; fileRef = 3252E85810CC9EFD00F1AA23 /* PlayerWindowController.mm */; };
		3252E85E10CC9EFD00F1AA23 /* SimplePlayerAppDelegate.mm in Sources */ = {isa = PBXBuildFile; fileRef = 3252E85A10CC9EFD00F1AA23 /* SimplePlayerAppDelegate.mm */; };
		3252E86510CC9F4200F1AA23 /* MainMenu.xib in Resources */ = {isa = PBXBuildFile; fileRef = 3252E86410CC9F4200F1AA23 /* MainMenu.xib */; };
		3252E87A10CCA01400F1AA23 /* SFBAudioEngine.framework in Copy Embedded Frameworks */ = {isa = PBXBuildFile; fileRef = 32C212D51091116D00BA2493 /* SFBAudioEngine.framework */; };
		3255602B1092A38F00580566 /* FLACDecoder.cpp in Sources */ = {isa = PBXBuildFile; fileRef = 325560291092A38F00580566 /* FLACDecoder.cpp */; };
		3255602C1092A38F00580566 /* FLACDecoder.h in Headers */ = {isa = PBXBuildFile; fileRef = 3255602A1092A38F00580566 /* FLACDecoder.h */; };
		325560671092A89600580566 /* FLAC.framework in Frameworks */ = {isa = PBXBuildFile; fileRef = 325560661092A89600580566 /* FLAC.framework */; };
		325560DC1092B37C00580566 /* FLAC.framework in Copy Embedded Frameworks */ = {isa = PBXBuildFile; fileRef = 325560661092A89600580566 /* FLAC.framework */; };
		32C212DA109111A100BA2493 /* AudioPlayer.cpp in Sources */ = {isa = PBXBuildFile; fileRef = 322B5D81108C213800CA9BDE /* AudioPlayer.cpp */; };
		32C212DB109111A100BA2493 /* AudioPlayer.h in Headers */ = {isa = PBXBuildFile; fileRef = 322B5D80108C213800CA9BDE /* AudioPlayer.h */; settings = {ATTRIBUTES = (Public, ); }; };
		32C212DC109111A200BA2493 /* DecoderStateData.cpp in Sources */ = {isa = PBXBuildFile; fileRef = 3201ECB910901F08000082BF /* DecoderStateData.cpp */; };
		32C212DD109111A300BA2493 /* DecoderStateData.h in Headers */ = {isa = PBXBuildFile; fileRef = 3201ECB810901F08000082BF /* DecoderStateData.h */; };
		32C212DE109111A500BA2493 /* AudioDecoder.cpp in Sources */ = {isa = PBXBuildFile; fileRef = 322B5BA0108BA80B00CA9BDE /* AudioDecoder.cpp */; };
		32C212DF109111A600BA2493 /* AudioDecoder.h in Headers */ = {isa = PBXBuildFile; fileRef = 322B5B9F108BA80B00CA9BDE /* AudioDecoder.h */; settings = {ATTRIBUTES = (Public, ); }; };
		32C212E0109111A600BA2493 /* CoreAudioDecoder.cpp in Sources */ = {isa = PBXBuildFile; fileRef = 322B5C1E108BC70600CA9BDE /* CoreAudioDecoder.cpp */; };
		32C212E1109111A700BA2493 /* CoreAudioDecoder.h in Headers */ = {isa = PBXBuildFile; fileRef = 322B5C1D108BC70600CA9BDE /* CoreAudioDecoder.h */; };
		32C212E2109111AC00BA2493 /* AudioEngineDefines.h in Headers */ = {isa = PBXBuildFile; fileRef = 3268C0BA108E8E470017C0B0 /* AudioEngineDefines.h */; };
		32C212E3109111B300BA2493 /* CAAtomic.h in Headers */ = {isa = PBXBuildFile; fileRef = 322B5D99108C223900CA9BDE /* CAAtomic.h */; };
		32C212E4109111B300BA2493 /* CAAutoDisposer.h in Headers */ = {isa = PBXBuildFile; fileRef = 322B5D9A108C223900CA9BDE /* CAAutoDisposer.h */; };
		32C212E5109111B400BA2493 /* CABitOperations.h in Headers */ = {isa = PBXBuildFile; fileRef = 322B5D9B108C223900CA9BDE /* CABitOperations.h */; };
		32C212E6109111B500BA2493 /* CARingBuffer.cpp in Sources */ = {isa = PBXBuildFile; fileRef = 322B5D93108C221100CA9BDE /* CARingBuffer.cpp */; };
		32C212E7109111B500BA2493 /* CARingBuffer.h in Headers */ = {isa = PBXBuildFile; fileRef = 322B5D94108C221100CA9BDE /* CARingBuffer.h */; };
		32C212F3109111E800BA2493 /* Foundation.framework in Frameworks */ = {isa = PBXBuildFile; fileRef = 29B97325FDCFA39411CA2CEA /* Foundation.framework */; };
		32C212F4109111E900BA2493 /* AudioToolbox.framework in Frameworks */ = {isa = PBXBuildFile; fileRef = 322B5C16108BB59600CA9BDE /* AudioToolbox.framework */; };
		32C37FAD1091170C0024EB87 /* Foundation.framework in Frameworks */ = {isa = PBXBuildFile; fileRef = 29B97325FDCFA39411CA2CEA /* Foundation.framework */; };
		32C380AA1091177B0024EB87 /* SFBAudioEngine.framework in Frameworks */ = {isa = PBXBuildFile; fileRef = 32C212D51091116D00BA2493 /* SFBAudioEngine.framework */; };
		32C381B8109117C50024EB87 /* CoreServices.framework in Frameworks */ = {isa = PBXBuildFile; fileRef = 32C381B7109117C50024EB87 /* CoreServices.framework */; };
		32C381C1109117D00024EB87 /* AudioUnit.framework in Frameworks */ = {isa = PBXBuildFile; fileRef = 32C381C0109117D00024EB87 /* AudioUnit.framework */; };
		32CA90F910B9E514005A85DA /* mpcdec.framework in Frameworks */ = {isa = PBXBuildFile; fileRef = 32CA90F810B9E514005A85DA /* mpcdec.framework */; };
		32CA90FC10B9E51A005A85DA /* mpcdec.framework in Copy Embedded Frameworks */ = {isa = PBXBuildFile; fileRef = 32CA90F810B9E514005A85DA /* mpcdec.framework */; };
		32CA910410B9E525005A85DA /* MusepackDecoder.cpp in Sources */ = {isa = PBXBuildFile; fileRef = 32E7379510B9978200094C8A /* MusepackDecoder.cpp */; };
		32CA910510B9E526005A85DA /* MusepackDecoder.h in Headers */ = {isa = PBXBuildFile; fileRef = 32E7379610B9978200094C8A /* MusepackDecoder.h */; };
		32E6AB3B1096745400DA998D /* main.cpp in Sources */ = {isa = PBXBuildFile; fileRef = 32E6AB391096744C00DA998D /* main.cpp */; };
		32E6AB9B1096C81200DA998D /* LoopableRegionDecoder.cpp in Sources */ = {isa = PBXBuildFile; fileRef = 32E6AB991096C81200DA998D /* LoopableRegionDecoder.cpp */; };
		32E6AB9C1096C81200DA998D /* LoopableRegionDecoder.h in Headers */ = {isa = PBXBuildFile; fileRef = 32E6AB9A1096C81200DA998D /* LoopableRegionDecoder.h */; };
		32E7368E10B9057900094C8A /* wavpack.framework in Frameworks */ = {isa = PBXBuildFile; fileRef = 32E7368D10B9057900094C8A /* wavpack.framework */; };
		32E7369110B9058100094C8A /* wavpack.framework in Copy Embedded Frameworks */ = {isa = PBXBuildFile; fileRef = 32E7368D10B9057900094C8A /* wavpack.framework */; };
		32E7378E10B9178000094C8A /* WavPackDecoder.h in Headers */ = {isa = PBXBuildFile; fileRef = 32E734A210B8C9F900094C8A /* WavPackDecoder.h */; };
		32E7378F10B9178100094C8A /* WavPackDecoder.cpp in Sources */ = {isa = PBXBuildFile; fileRef = 32E734A110B8C9F900094C8A /* WavPackDecoder.cpp */; };
		32E738E010B9A49700094C8A /* MPEGDecoder.cpp in Sources */ = {isa = PBXBuildFile; fileRef = 32E7374210B90C9A00094C8A /* MPEGDecoder.cpp */; };
		32E7392D10B9A85D00094C8A /* mad.framework in Frameworks */ = {isa = PBXBuildFile; fileRef = 32E7392C10B9A85D00094C8A /* mad.framework */; };
		32E7393010B9A86700094C8A /* mad.framework in Copy Embedded Frameworks */ = {isa = PBXBuildFile; fileRef = 32E7392C10B9A85D00094C8A /* mad.framework */; };
		32E7396110B9AA8600094C8A /* MPEGDecoder.h in Headers */ = {isa = PBXBuildFile; fileRef = 32E7374310B90C9A00094C8A /* MPEGDecoder.h */; };
		32E73AF710B9D88800094C8A /* vorbis.framework in Frameworks */ = {isa = PBXBuildFile; fileRef = 32E73AF610B9D88800094C8A /* vorbis.framework */; };
		32E73AFA10B9D89100094C8A /* vorbis.framework in Copy Embedded Frameworks */ = {isa = PBXBuildFile; fileRef = 32E73AF610B9D88800094C8A /* vorbis.framework */; };
		32E73B0110B9D8AB00094C8A /* OggVorbisDecoder.h in Headers */ = {isa = PBXBuildFile; fileRef = 32E7376D10B913AE00094C8A /* OggVorbisDecoder.h */; };
		32E73B0210B9D8AC00094C8A /* OggVorbisDecoder.cpp in Sources */ = {isa = PBXBuildFile; fileRef = 32E7376C10B913AE00094C8A /* OggVorbisDecoder.cpp */; };
/* End PBXBuildFile section */

/* Begin PBXContainerItemProxy section */
		3252E84110CC9E4B00F1AA23 /* PBXContainerItemProxy */ = {
			isa = PBXContainerItemProxy;
			containerPortal = 29B97313FDCFA39411CA2CEA /* Project object */;
			proxyType = 1;
			remoteGlobalIDString = 32C212D41091116D00BA2493;
			remoteInfo = SFBAudioEngine.framework;
		};
		32C37FA9109116F30024EB87 /* PBXContainerItemProxy */ = {
			isa = PBXContainerItemProxy;
			containerPortal = 29B97313FDCFA39411CA2CEA /* Project object */;
			proxyType = 1;
			remoteGlobalIDString = 32C212D41091116D00BA2493;
			remoteInfo = Framework;
		};
/* End PBXContainerItemProxy section */

/* Begin PBXCopyFilesBuildPhase section */
		3252E87E10CCA03200F1AA23 /* Copy Embedded Frameworks */ = {
			isa = PBXCopyFilesBuildPhase;
			buildActionMask = 2147483647;
			dstPath = "";
			dstSubfolderSpec = 10;
			files = (
				3252E87A10CCA01400F1AA23 /* SFBAudioEngine.framework in Copy Embedded Frameworks */,
			);
			name = "Copy Embedded Frameworks";
			runOnlyForDeploymentPostprocessing = 0;
		};
		325560ED1092B38700580566 /* Copy Embedded Frameworks */ = {
			isa = PBXCopyFilesBuildPhase;
			buildActionMask = 2147483647;
			dstPath = "";
			dstSubfolderSpec = 10;
			files = (
				32CA90FC10B9E51A005A85DA /* mpcdec.framework in Copy Embedded Frameworks */,
				32E73AFA10B9D89100094C8A /* vorbis.framework in Copy Embedded Frameworks */,
				32E7393010B9A86700094C8A /* mad.framework in Copy Embedded Frameworks */,
				32E7369110B9058100094C8A /* wavpack.framework in Copy Embedded Frameworks */,
				325560DC1092B37C00580566 /* FLAC.framework in Copy Embedded Frameworks */,
			);
			name = "Copy Embedded Frameworks";
			runOnlyForDeploymentPostprocessing = 0;
		};
/* End PBXCopyFilesBuildPhase section */

/* Begin PBXFileReference section */
		29B97325FDCFA39411CA2CEA /* Foundation.framework */ = {isa = PBXFileReference; lastKnownFileType = wrapper.framework; name = Foundation.framework; path = /System/Library/Frameworks/Foundation.framework; sourceTree = "<absolute>"; };
		3201ECB810901F08000082BF /* DecoderStateData.h */ = {isa = PBXFileReference; fileEncoding = 4; lastKnownFileType = sourcecode.c.h; path = DecoderStateData.h; sourceTree = "<group>"; };
		3201ECB910901F08000082BF /* DecoderStateData.cpp */ = {isa = PBXFileReference; fileEncoding = 4; lastKnownFileType = sourcecode.cpp.cpp; path = DecoderStateData.cpp; sourceTree = "<group>"; };
		322B5B2C108BA69F00CA9BDE /* Base.xcconfig */ = {isa = PBXFileReference; fileEncoding = 4; lastKnownFileType = text.xcconfig; path = Base.xcconfig; sourceTree = "<group>"; };
		322B5B2D108BA69F00CA9BDE /* Debug.xcconfig */ = {isa = PBXFileReference; fileEncoding = 4; lastKnownFileType = text.xcconfig; path = Debug.xcconfig; sourceTree = "<group>"; };
		322B5B2E108BA69F00CA9BDE /* Release.xcconfig */ = {isa = PBXFileReference; fileEncoding = 4; lastKnownFileType = text.xcconfig; path = Release.xcconfig; sourceTree = "<group>"; };
		322B5B2F108BA69F00CA9BDE /* AudioEngine-Debug.xcconfig */ = {isa = PBXFileReference; fileEncoding = 4; lastKnownFileType = text.xcconfig; path = "AudioEngine-Debug.xcconfig"; sourceTree = "<group>"; };
		322B5B30108BA69F00CA9BDE /* AudioEngine-Release.xcconfig */ = {isa = PBXFileReference; fileEncoding = 4; lastKnownFileType = text.xcconfig; path = "AudioEngine-Release.xcconfig"; sourceTree = "<group>"; };
		322B5B31108BA69F00CA9BDE /* AudioEngine-Version.xcconfig */ = {isa = PBXFileReference; fileEncoding = 4; lastKnownFileType = text.xcconfig; path = "AudioEngine-Version.xcconfig"; sourceTree = "<group>"; };
		322B5B9F108BA80B00CA9BDE /* AudioDecoder.h */ = {isa = PBXFileReference; fileEncoding = 4; lastKnownFileType = sourcecode.c.h; path = AudioDecoder.h; sourceTree = "<group>"; };
		322B5BA0108BA80B00CA9BDE /* AudioDecoder.cpp */ = {isa = PBXFileReference; fileEncoding = 4; lastKnownFileType = sourcecode.cpp.cpp; path = AudioDecoder.cpp; sourceTree = "<group>"; };
		322B5C16108BB59600CA9BDE /* AudioToolbox.framework */ = {isa = PBXFileReference; lastKnownFileType = wrapper.framework; name = AudioToolbox.framework; path = /System/Library/Frameworks/AudioToolbox.framework; sourceTree = "<absolute>"; };
		322B5C1D108BC70600CA9BDE /* CoreAudioDecoder.h */ = {isa = PBXFileReference; fileEncoding = 4; lastKnownFileType = sourcecode.c.h; path = CoreAudioDecoder.h; sourceTree = "<group>"; };
		322B5C1E108BC70600CA9BDE /* CoreAudioDecoder.cpp */ = {isa = PBXFileReference; fileEncoding = 4; lastKnownFileType = sourcecode.cpp.cpp; path = CoreAudioDecoder.cpp; sourceTree = "<group>"; };
		322B5D80108C213800CA9BDE /* AudioPlayer.h */ = {isa = PBXFileReference; fileEncoding = 4; lastKnownFileType = sourcecode.c.h; path = AudioPlayer.h; sourceTree = "<group>"; };
		322B5D81108C213800CA9BDE /* AudioPlayer.cpp */ = {isa = PBXFileReference; fileEncoding = 4; lastKnownFileType = sourcecode.cpp.cpp; path = AudioPlayer.cpp; sourceTree = "<group>"; };
		322B5D93108C221100CA9BDE /* CARingBuffer.cpp */ = {isa = PBXFileReference; fileEncoding = 4; lastKnownFileType = sourcecode.cpp.cpp; path = CARingBuffer.cpp; sourceTree = "<group>"; };
		322B5D94108C221100CA9BDE /* CARingBuffer.h */ = {isa = PBXFileReference; fileEncoding = 4; lastKnownFileType = sourcecode.c.h; path = CARingBuffer.h; sourceTree = "<group>"; };
		322B5D99108C223900CA9BDE /* CAAtomic.h */ = {isa = PBXFileReference; fileEncoding = 4; lastKnownFileType = sourcecode.c.h; path = CAAtomic.h; sourceTree = "<group>"; };
		322B5D9A108C223900CA9BDE /* CAAutoDisposer.h */ = {isa = PBXFileReference; fileEncoding = 4; lastKnownFileType = sourcecode.c.h; path = CAAutoDisposer.h; sourceTree = "<group>"; };
		322B5D9B108C223900CA9BDE /* CABitOperations.h */ = {isa = PBXFileReference; fileEncoding = 4; lastKnownFileType = sourcecode.c.h; path = CABitOperations.h; sourceTree = "<group>"; };
		32379E8A1093D35700DD5B34 /* CoreAudio.framework */ = {isa = PBXFileReference; lastKnownFileType = wrapper.framework; name = CoreAudio.framework; path = /System/Library/Frameworks/CoreAudio.framework; sourceTree = "<absolute>"; };
		3252E83B10CC9E4500F1AA23 /* SimplePlayer.app */ = {isa = PBXFileReference; explicitFileType = wrapper.application; includeInIndex = 0; path = SimplePlayer.app; sourceTree = BUILT_PRODUCTS_DIR; };
		3252E84610CC9EBA00F1AA23 /* SimplePlayer-Info.plist */ = {isa = PBXFileReference; fileEncoding = 4; lastKnownFileType = text.plist.xml; path = "SimplePlayer-Info.plist"; sourceTree = "<group>"; };
		3252E85510CC9EFD00F1AA23 /* main.m */ = {isa = PBXFileReference; fileEncoding = 4; lastKnownFileType = sourcecode.c.objc; path = main.m; sourceTree = "<group>"; };
		3252E85610CC9EFD00F1AA23 /* PlayerWindow.xib */ = {isa = PBXFileReference; lastKnownFileType = file.xib; path = PlayerWindow.xib; sourceTree = "<group>"; };
		3252E85710CC9EFD00F1AA23 /* PlayerWindowController.h */ = {isa = PBXFileReference; fileEncoding = 4; lastKnownFileType = sourcecode.c.h; path = PlayerWindowController.h; sourceTree = "<group>"; };
		3252E85810CC9EFD00F1AA23 /* PlayerWindowController.mm */ = {isa = PBXFileReference; fileEncoding = 4; lastKnownFileType = sourcecode.cpp.objcpp; path = PlayerWindowController.mm; sourceTree = "<group>"; };
		3252E85910CC9EFD00F1AA23 /* SimplePlayerAppDelegate.h */ = {isa = PBXFileReference; fileEncoding = 4; lastKnownFileType = sourcecode.c.h; path = SimplePlayerAppDelegate.h; sourceTree = "<group>"; };
		3252E85A10CC9EFD00F1AA23 /* SimplePlayerAppDelegate.mm */ = {isa = PBXFileReference; fileEncoding = 4; lastKnownFileType = sourcecode.cpp.objcpp; path = SimplePlayerAppDelegate.mm; sourceTree = "<group>"; };
		3252E86410CC9F4200F1AA23 /* MainMenu.xib */ = {isa = PBXFileReference; lastKnownFileType = file.xib; path = MainMenu.xib; sourceTree = "<group>"; };
		325560291092A38F00580566 /* FLACDecoder.cpp */ = {isa = PBXFileReference; fileEncoding = 4; lastKnownFileType = sourcecode.cpp.cpp; path = FLACDecoder.cpp; sourceTree = "<group>"; };
		3255602A1092A38F00580566 /* FLACDecoder.h */ = {isa = PBXFileReference; fileEncoding = 4; lastKnownFileType = sourcecode.c.h; path = FLACDecoder.h; sourceTree = "<group>"; };
		325560661092A89600580566 /* FLAC.framework */ = {isa = PBXFileReference; lastKnownFileType = wrapper.framework; name = FLAC.framework; path = Frameworks/FLAC.framework; sourceTree = "<group>"; };
		3268C0BA108E8E470017C0B0 /* AudioEngineDefines.h */ = {isa = PBXFileReference; fileEncoding = 4; lastKnownFileType = sourcecode.c.h; path = AudioEngineDefines.h; sourceTree = "<group>"; };
		32C212D51091116D00BA2493 /* SFBAudioEngine.framework */ = {isa = PBXFileReference; explicitFileType = wrapper.framework; includeInIndex = 0; path = SFBAudioEngine.framework; sourceTree = BUILT_PRODUCTS_DIR; };
		32C212D61091116D00BA2493 /* Info.plist */ = {isa = PBXFileReference; lastKnownFileType = text.plist.xml; path = Info.plist; sourceTree = "<group>"; };
		32C213101091129F00BA2493 /* AudioEngineExample */ = {isa = PBXFileReference; explicitFileType = "compiled.mach-o.executable"; includeInIndex = 0; path = AudioEngineExample; sourceTree = BUILT_PRODUCTS_DIR; };
		32C381B7109117C50024EB87 /* CoreServices.framework */ = {isa = PBXFileReference; lastKnownFileType = wrapper.framework; name = CoreServices.framework; path = /System/Library/Frameworks/CoreServices.framework; sourceTree = "<absolute>"; };
		32C381C0109117D00024EB87 /* AudioUnit.framework */ = {isa = PBXFileReference; lastKnownFileType = wrapper.framework; name = AudioUnit.framework; path = /System/Library/Frameworks/AudioUnit.framework; sourceTree = "<absolute>"; };
		32CA90F810B9E514005A85DA /* mpcdec.framework */ = {isa = PBXFileReference; lastKnownFileType = wrapper.framework; name = mpcdec.framework; path = Frameworks/mpcdec.framework; sourceTree = "<group>"; };
		32E6AB391096744C00DA998D /* main.cpp */ = {isa = PBXFileReference; fileEncoding = 4; lastKnownFileType = sourcecode.cpp.cpp; path = main.cpp; sourceTree = "<group>"; };
		32E6AB991096C81200DA998D /* LoopableRegionDecoder.cpp */ = {isa = PBXFileReference; fileEncoding = 4; lastKnownFileType = sourcecode.cpp.cpp; path = LoopableRegionDecoder.cpp; sourceTree = "<group>"; };
		32E6AB9A1096C81200DA998D /* LoopableRegionDecoder.h */ = {isa = PBXFileReference; fileEncoding = 4; lastKnownFileType = sourcecode.c.h; path = LoopableRegionDecoder.h; sourceTree = "<group>"; };
		32E734A110B8C9F900094C8A /* WavPackDecoder.cpp */ = {isa = PBXFileReference; fileEncoding = 4; lastKnownFileType = sourcecode.cpp.cpp; path = WavPackDecoder.cpp; sourceTree = "<group>"; };
		32E734A210B8C9F900094C8A /* WavPackDecoder.h */ = {isa = PBXFileReference; fileEncoding = 4; lastKnownFileType = sourcecode.c.h; path = WavPackDecoder.h; sourceTree = "<group>"; };
		32E7368D10B9057900094C8A /* wavpack.framework */ = {isa = PBXFileReference; lastKnownFileType = wrapper.framework; name = wavpack.framework; path = Frameworks/wavpack.framework; sourceTree = "<group>"; };
		32E7374210B90C9A00094C8A /* MPEGDecoder.cpp */ = {isa = PBXFileReference; fileEncoding = 4; lastKnownFileType = sourcecode.cpp.cpp; path = MPEGDecoder.cpp; sourceTree = "<group>"; };
		32E7374310B90C9A00094C8A /* MPEGDecoder.h */ = {isa = PBXFileReference; fileEncoding = 4; lastKnownFileType = sourcecode.c.h; path = MPEGDecoder.h; sourceTree = "<group>"; };
		32E7376C10B913AE00094C8A /* OggVorbisDecoder.cpp */ = {isa = PBXFileReference; fileEncoding = 4; lastKnownFileType = sourcecode.cpp.cpp; path = OggVorbisDecoder.cpp; sourceTree = "<group>"; };
		32E7376D10B913AE00094C8A /* OggVorbisDecoder.h */ = {isa = PBXFileReference; fileEncoding = 4; lastKnownFileType = sourcecode.c.h; path = OggVorbisDecoder.h; sourceTree = "<group>"; };
		32E7379510B9978200094C8A /* MusepackDecoder.cpp */ = {isa = PBXFileReference; fileEncoding = 4; lastKnownFileType = sourcecode.cpp.cpp; path = MusepackDecoder.cpp; sourceTree = "<group>"; };
		32E7379610B9978200094C8A /* MusepackDecoder.h */ = {isa = PBXFileReference; fileEncoding = 4; lastKnownFileType = sourcecode.c.h; path = MusepackDecoder.h; sourceTree = "<group>"; };
		32E7392C10B9A85D00094C8A /* mad.framework */ = {isa = PBXFileReference; lastKnownFileType = wrapper.framework; name = mad.framework; path = Frameworks/mad.framework; sourceTree = "<group>"; };
		32E73AF610B9D88800094C8A /* vorbis.framework */ = {isa = PBXFileReference; lastKnownFileType = wrapper.framework; name = vorbis.framework; path = Frameworks/vorbis.framework; sourceTree = "<group>"; };
/* End PBXFileReference section */

/* Begin PBXFrameworksBuildPhase section */
		3252E83910CC9E4500F1AA23 /* Frameworks */ = {
			isa = PBXFrameworksBuildPhase;
			buildActionMask = 2147483647;
			files = (
				3252E84310CC9E5000F1AA23 /* SFBAudioEngine.framework in Frameworks */,
			);
			runOnlyForDeploymentPostprocessing = 0;
		};
		32C212D31091116D00BA2493 /* Frameworks */ = {
			isa = PBXFrameworksBuildPhase;
			buildActionMask = 2147483647;
			files = (
				32C212F3109111E800BA2493 /* Foundation.framework in Frameworks */,
				32C212F4109111E900BA2493 /* AudioToolbox.framework in Frameworks */,
				32C381B8109117C50024EB87 /* CoreServices.framework in Frameworks */,
				32C381C1109117D00024EB87 /* AudioUnit.framework in Frameworks */,
				325560671092A89600580566 /* FLAC.framework in Frameworks */,
				32379E8B1093D35700DD5B34 /* CoreAudio.framework in Frameworks */,
				32E7368E10B9057900094C8A /* wavpack.framework in Frameworks */,
				32E7392D10B9A85D00094C8A /* mad.framework in Frameworks */,
				32E73AF710B9D88800094C8A /* vorbis.framework in Frameworks */,
				32CA90F910B9E514005A85DA /* mpcdec.framework in Frameworks */,
			);
			runOnlyForDeploymentPostprocessing = 0;
		};
		32C2130E1091129F00BA2493 /* Frameworks */ = {
			isa = PBXFrameworksBuildPhase;
			buildActionMask = 2147483647;
			files = (
				32C37FAD1091170C0024EB87 /* Foundation.framework in Frameworks */,
				32C380AA1091177B0024EB87 /* SFBAudioEngine.framework in Frameworks */,
				32150C5710AB3778008913B5 /* CoreAudio.framework in Frameworks */,
			);
			runOnlyForDeploymentPostprocessing = 0;
		};
/* End PBXFrameworksBuildPhase section */

/* Begin PBXGroup section */
		19C28FACFE9D520D11CA2CBB /* Products */ = {
			isa = PBXGroup;
			children = (
				32C212D51091116D00BA2493 /* SFBAudioEngine.framework */,
				32C213101091129F00BA2493 /* AudioEngineExample */,
				3252E83B10CC9E4500F1AA23 /* SimplePlayer.app */,
			);
			name = Products;
			sourceTree = "<group>";
		};
		29B97314FDCFA39411CA2CEA /* CFPlayer */ = {
			isa = PBXGroup;
			children = (
				322B5D76108C210400CA9BDE /* Player */,
				322B5B9D108BA7E400CA9BDE /* Decoders */,
				29B97315FDCFA39411CA2CEA /* Other */,
				322B5B2B108BA68E00CA9BDE /* Configs */,
				3252E83610CC9E3000F1AA23 /* SimplePlayer */,
				32E6AB381096742A00DA998D /* Example */,
				322B5D91108C21E000CA9BDE /* ThirdParty */,
				29B97323FDCFA39411CA2CEA /* Frameworks */,
				19C28FACFE9D520D11CA2CBB /* Products */,
			);
			name = CFPlayer;
			sourceTree = "<group>";
		};
		29B97315FDCFA39411CA2CEA /* Other */ = {
			isa = PBXGroup;
			children = (
				32C212D61091116D00BA2493 /* Info.plist */,
				3268C0BA108E8E470017C0B0 /* AudioEngineDefines.h */,
			);
			name = Other;
			sourceTree = "<group>";
		};
		29B97323FDCFA39411CA2CEA /* Frameworks */ = {
			isa = PBXGroup;
			children = (
				29B97325FDCFA39411CA2CEA /* Foundation.framework */,
				322B5C16108BB59600CA9BDE /* AudioToolbox.framework */,
				32C381B7109117C50024EB87 /* CoreServices.framework */,
				32C381C0109117D00024EB87 /* AudioUnit.framework */,
				325560661092A89600580566 /* FLAC.framework */,
				32379E8A1093D35700DD5B34 /* CoreAudio.framework */,
				32E7368D10B9057900094C8A /* wavpack.framework */,
				32E7392C10B9A85D00094C8A /* mad.framework */,
				32E73AF610B9D88800094C8A /* vorbis.framework */,
				32CA90F810B9E514005A85DA /* mpcdec.framework */,
			);
			name = Frameworks;
			sourceTree = "<group>";
		};
		322B5B2B108BA68E00CA9BDE /* Configs */ = {
			isa = PBXGroup;
			children = (
				322B5B2C108BA69F00CA9BDE /* Base.xcconfig */,
				322B5B2D108BA69F00CA9BDE /* Debug.xcconfig */,
				322B5B2E108BA69F00CA9BDE /* Release.xcconfig */,
				322B5B2F108BA69F00CA9BDE /* AudioEngine-Debug.xcconfig */,
				322B5B30108BA69F00CA9BDE /* AudioEngine-Release.xcconfig */,
				322B5B31108BA69F00CA9BDE /* AudioEngine-Version.xcconfig */,
			);
			path = Configs;
			sourceTree = "<group>";
		};
		322B5B9D108BA7E400CA9BDE /* Decoders */ = {
			isa = PBXGroup;
			children = (
				32E7379510B9978200094C8A /* MusepackDecoder.cpp */,
				32E7379610B9978200094C8A /* MusepackDecoder.h */,
				32E7376C10B913AE00094C8A /* OggVorbisDecoder.cpp */,
				32E7376D10B913AE00094C8A /* OggVorbisDecoder.h */,
				32E7374210B90C9A00094C8A /* MPEGDecoder.cpp */,
				32E7374310B90C9A00094C8A /* MPEGDecoder.h */,
				32E734A110B8C9F900094C8A /* WavPackDecoder.cpp */,
				32E734A210B8C9F900094C8A /* WavPackDecoder.h */,
				32E6AB991096C81200DA998D /* LoopableRegionDecoder.cpp */,
				32E6AB9A1096C81200DA998D /* LoopableRegionDecoder.h */,
				325560291092A38F00580566 /* FLACDecoder.cpp */,
				3255602A1092A38F00580566 /* FLACDecoder.h */,
				322B5C1D108BC70600CA9BDE /* CoreAudioDecoder.h */,
				322B5C1E108BC70600CA9BDE /* CoreAudioDecoder.cpp */,
				322B5B9F108BA80B00CA9BDE /* AudioDecoder.h */,
				322B5BA0108BA80B00CA9BDE /* AudioDecoder.cpp */,
			);
			path = Decoders;
			sourceTree = "<group>";
		};
		322B5D76108C210400CA9BDE /* Player */ = {
			isa = PBXGroup;
			children = (
				322B5D80108C213800CA9BDE /* AudioPlayer.h */,
				322B5D81108C213800CA9BDE /* AudioPlayer.cpp */,
				3201ECB810901F08000082BF /* DecoderStateData.h */,
				3201ECB910901F08000082BF /* DecoderStateData.cpp */,
			);
			path = Player;
			sourceTree = "<group>";
		};
		322B5D91108C21E000CA9BDE /* ThirdParty */ = {
			isa = PBXGroup;
			children = (
				322B5D92108C21F000CA9BDE /* PublicUtility */,
			);
			path = ThirdParty;
			sourceTree = "<group>";
		};
		322B5D92108C21F000CA9BDE /* PublicUtility */ = {
			isa = PBXGroup;
			children = (
				322B5D99108C223900CA9BDE /* CAAtomic.h */,
				322B5D9A108C223900CA9BDE /* CAAutoDisposer.h */,
				322B5D9B108C223900CA9BDE /* CABitOperations.h */,
				322B5D93108C221100CA9BDE /* CARingBuffer.cpp */,
				322B5D94108C221100CA9BDE /* CARingBuffer.h */,
			);
			path = PublicUtility;
			sourceTree = "<group>";
		};
		3252E83610CC9E3000F1AA23 /* SimplePlayer */ = {
			isa = PBXGroup;
			children = (
				3252E86410CC9F4200F1AA23 /* MainMenu.xib */,
				3252E85510CC9EFD00F1AA23 /* main.m */,
				3252E85610CC9EFD00F1AA23 /* PlayerWindow.xib */,
				3252E85710CC9EFD00F1AA23 /* PlayerWindowController.h */,
				3252E85810CC9EFD00F1AA23 /* PlayerWindowController.mm */,
				3252E85910CC9EFD00F1AA23 /* SimplePlayerAppDelegate.h */,
				3252E85A10CC9EFD00F1AA23 /* SimplePlayerAppDelegate.mm */,
				3252E84610CC9EBA00F1AA23 /* SimplePlayer-Info.plist */,
			);
			path = SimplePlayer;
			sourceTree = "<group>";
		};
		32E6AB381096742A00DA998D /* Example */ = {
			isa = PBXGroup;
			children = (
				32E6AB391096744C00DA998D /* main.cpp */,
			);
			path = Example;
			sourceTree = "<group>";
		};
/* End PBXGroup section */

/* Begin PBXHeadersBuildPhase section */
		32C212D01091116D00BA2493 /* Headers */ = {
			isa = PBXHeadersBuildPhase;
			buildActionMask = 2147483647;
			files = (
				32C212DB109111A100BA2493 /* AudioPlayer.h in Headers */,
				32C212DD109111A300BA2493 /* DecoderStateData.h in Headers */,
				32C212DF109111A600BA2493 /* AudioDecoder.h in Headers */,
				32C212E1109111A700BA2493 /* CoreAudioDecoder.h in Headers */,
				32C212E2109111AC00BA2493 /* AudioEngineDefines.h in Headers */,
				32C212E3109111B300BA2493 /* CAAtomic.h in Headers */,
				32C212E4109111B300BA2493 /* CAAutoDisposer.h in Headers */,
				32C212E5109111B400BA2493 /* CABitOperations.h in Headers */,
				32C212E7109111B500BA2493 /* CARingBuffer.h in Headers */,
				3255602C1092A38F00580566 /* FLACDecoder.h in Headers */,
				32E6AB9C1096C81200DA998D /* LoopableRegionDecoder.h in Headers */,
				32E7378E10B9178000094C8A /* WavPackDecoder.h in Headers */,
				32E7396110B9AA8600094C8A /* MPEGDecoder.h in Headers */,
				32E73B0110B9D8AB00094C8A /* OggVorbisDecoder.h in Headers */,
				32CA910510B9E526005A85DA /* MusepackDecoder.h in Headers */,
			);
			runOnlyForDeploymentPostprocessing = 0;
		};
/* End PBXHeadersBuildPhase section */

/* Begin PBXNativeTarget section */
		3252E83A10CC9E4500F1AA23 /* SimplePlayer */ = {
			isa = PBXNativeTarget;
			buildConfigurationList = 3252E84010CC9E4600F1AA23 /* Build configuration list for PBXNativeTarget "SimplePlayer" */;
			buildPhases = (
				3252E83710CC9E4500F1AA23 /* Resources */,
				3252E83810CC9E4500F1AA23 /* Sources */,
				3252E83910CC9E4500F1AA23 /* Frameworks */,
				3252E87E10CCA03200F1AA23 /* Copy Embedded Frameworks */,
			);
			buildRules = (
			);
			dependencies = (
				3252E84210CC9E4B00F1AA23 /* PBXTargetDependency */,
			);
			name = SimplePlayer;
			productName = SimplePlayer;
			productReference = 3252E83B10CC9E4500F1AA23 /* SimplePlayer.app */;
			productType = "com.apple.product-type.application";
		};
		32C212D41091116D00BA2493 /* SFBAudioEngine.framework */ = {
			isa = PBXNativeTarget;
			buildConfigurationList = 32C212D91091116E00BA2493 /* Build configuration list for PBXNativeTarget "SFBAudioEngine.framework" */;
			buildPhases = (
				32C212D01091116D00BA2493 /* Headers */,
				32C212D11091116D00BA2493 /* Resources */,
				32C212D21091116D00BA2493 /* Sources */,
				32C212D31091116D00BA2493 /* Frameworks */,
				325560ED1092B38700580566 /* Copy Embedded Frameworks */,
			);
			buildRules = (
			);
			dependencies = (
			);
			name = SFBAudioEngine.framework;
			productName = Framework;
			productReference = 32C212D51091116D00BA2493 /* SFBAudioEngine.framework */;
			productType = "com.apple.product-type.framework";
		};
		32C2130F1091129F00BA2493 /* Example */ = {
			isa = PBXNativeTarget;
			buildConfigurationList = 32C21316109112B200BA2493 /* Build configuration list for PBXNativeTarget "Example" */;
			buildPhases = (
				32C2130D1091129F00BA2493 /* Sources */,
				32C2130E1091129F00BA2493 /* Frameworks */,
			);
			buildRules = (
			);
			dependencies = (
				32C37FAA109116F30024EB87 /* PBXTargetDependency */,
			);
			name = Example;
			productName = Test;
			productReference = 32C213101091129F00BA2493 /* AudioEngineExample */;
			productType = "com.apple.product-type.tool";
		};
/* End PBXNativeTarget section */

/* Begin PBXProject section */
		29B97313FDCFA39411CA2CEA /* Project object */ = {
			isa = PBXProject;
			attributes = {
				ORGANIZATIONNAME = sbooth.org;
			};
			buildConfigurationList = C01FCF4E08A954540054247B /* Build configuration list for PBXProject "SFBAudioEngine" */;
			compatibilityVersion = "Xcode 3.2";
			hasScannedForEncodings = 1;
			mainGroup = 29B97314FDCFA39411CA2CEA /* CFPlayer */;
			projectDirPath = "";
			projectRoot = "";
			targets = (
				32C212D41091116D00BA2493 /* SFBAudioEngine.framework */,
				32C2130F1091129F00BA2493 /* Example */,
				3252E83A10CC9E4500F1AA23 /* SimplePlayer */,
			);
		};
/* End PBXProject section */

/* Begin PBXResourcesBuildPhase section */
		3252E83710CC9E4500F1AA23 /* Resources */ = {
			isa = PBXResourcesBuildPhase;
			buildActionMask = 2147483647;
			files = (
				3252E85C10CC9EFD00F1AA23 /* PlayerWindow.xib in Resources */,
				3252E86510CC9F4200F1AA23 /* MainMenu.xib in Resources */,
			);
			runOnlyForDeploymentPostprocessing = 0;
		};
		32C212D11091116D00BA2493 /* Resources */ = {
			isa = PBXResourcesBuildPhase;
			buildActionMask = 2147483647;
			files = (
			);
			runOnlyForDeploymentPostprocessing = 0;
		};
/* End PBXResourcesBuildPhase section */

/* Begin PBXSourcesBuildPhase section */
		3252E83810CC9E4500F1AA23 /* Sources */ = {
			isa = PBXSourcesBuildPhase;
			buildActionMask = 2147483647;
			files = (
				3252E85B10CC9EFD00F1AA23 /* main.m in Sources */,
				3252E85D10CC9EFD00F1AA23 /* PlayerWindowController.mm in Sources */,
				3252E85E10CC9EFD00F1AA23 /* SimplePlayerAppDelegate.mm in Sources */,
			);
			runOnlyForDeploymentPostprocessing = 0;
		};
		32C212D21091116D00BA2493 /* Sources */ = {
			isa = PBXSourcesBuildPhase;
			buildActionMask = 2147483647;
			files = (
				32C212DA109111A100BA2493 /* AudioPlayer.cpp in Sources */,
				32C212DC109111A200BA2493 /* DecoderStateData.cpp in Sources */,
				32C212DE109111A500BA2493 /* AudioDecoder.cpp in Sources */,
				32C212E0109111A600BA2493 /* CoreAudioDecoder.cpp in Sources */,
				32C212E6109111B500BA2493 /* CARingBuffer.cpp in Sources */,
				3255602B1092A38F00580566 /* FLACDecoder.cpp in Sources */,
				32E6AB9B1096C81200DA998D /* LoopableRegionDecoder.cpp in Sources */,
				32E7378F10B9178100094C8A /* WavPackDecoder.cpp in Sources */,
				32E738E010B9A49700094C8A /* MPEGDecoder.cpp in Sources */,
				32E73B0210B9D8AC00094C8A /* OggVorbisDecoder.cpp in Sources */,
				32CA910410B9E525005A85DA /* MusepackDecoder.cpp in Sources */,
			);
			runOnlyForDeploymentPostprocessing = 0;
		};
		32C2130D1091129F00BA2493 /* Sources */ = {
			isa = PBXSourcesBuildPhase;
			buildActionMask = 2147483647;
			files = (
				32E6AB3B1096745400DA998D /* main.cpp in Sources */,
			);
			runOnlyForDeploymentPostprocessing = 0;
		};
/* End PBXSourcesBuildPhase section */

/* Begin PBXTargetDependency section */
		3252E84210CC9E4B00F1AA23 /* PBXTargetDependency */ = {
			isa = PBXTargetDependency;
			target = 32C212D41091116D00BA2493 /* SFBAudioEngine.framework */;
			targetProxy = 3252E84110CC9E4B00F1AA23 /* PBXContainerItemProxy */;
		};
		32C37FAA109116F30024EB87 /* PBXTargetDependency */ = {
			isa = PBXTargetDependency;
			target = 32C212D41091116D00BA2493 /* SFBAudioEngine.framework */;
			targetProxy = 32C37FA9109116F30024EB87 /* PBXContainerItemProxy */;
		};
/* End PBXTargetDependency section */

/* Begin XCBuildConfiguration section */
		3252E83E10CC9E4600F1AA23 /* Debug */ = {
			isa = XCBuildConfiguration;
			baseConfigurationReference = 322B5B2D108BA69F00CA9BDE /* Debug.xcconfig */;
			buildSettings = {
				ALWAYS_SEARCH_USER_PATHS = NO;
				COPY_PHASE_STRIP = NO;
				GCC_DYNAMIC_NO_PIC = NO;
				GCC_ENABLE_FIX_AND_CONTINUE = YES;
				GCC_MODEL_TUNING = G5;
				GCC_OPTIMIZATION_LEVEL = 0;
				GCC_PRECOMPILE_PREFIX_HEADER = YES;
				GCC_PREFIX_HEADER = "$(SYSTEM_LIBRARY_DIR)/Frameworks/AppKit.framework/Headers/AppKit.h";
				INFOPLIST_FILE = "SimplePlayer/SimplePlayer-Info.plist";
				INSTALL_PATH = "$(HOME)/Applications";
				LD_RUNPATH_SEARCH_PATHS = "@loader_path/../Frameworks";
				OTHER_LDFLAGS = (
					"-framework",
					Foundation,
					"-framework",
					AppKit,
				);
				PREBINDING = NO;
				PRODUCT_NAME = SimplePlayer;
			};
			name = Debug;
		};
		3252E83F10CC9E4600F1AA23 /* Release */ = {
			isa = XCBuildConfiguration;
			baseConfigurationReference = 322B5B2E108BA69F00CA9BDE /* Release.xcconfig */;
			buildSettings = {
				ALWAYS_SEARCH_USER_PATHS = NO;
				COPY_PHASE_STRIP = YES;
				DEBUG_INFORMATION_FORMAT = "dwarf-with-dsym";
				GCC_ENABLE_FIX_AND_CONTINUE = NO;
				GCC_MODEL_TUNING = G5;
				GCC_PRECOMPILE_PREFIX_HEADER = YES;
				GCC_PREFIX_HEADER = "$(SYSTEM_LIBRARY_DIR)/Frameworks/AppKit.framework/Headers/AppKit.h";
				INFOPLIST_FILE = "SimplePlayer/SimplePlayer-Info.plist";
				INSTALL_PATH = "$(HOME)/Applications";
				LD_RUNPATH_SEARCH_PATHS = "@loader_path/../Frameworks";
				OTHER_LDFLAGS = (
					"-framework",
					Foundation,
					"-framework",
					AppKit,
				);
				PREBINDING = NO;
				PRODUCT_NAME = SimplePlayer;
				ZERO_LINK = NO;
			};
			name = Release;
		};
		32C212D71091116D00BA2493 /* Debug */ = {
			isa = XCBuildConfiguration;
			baseConfigurationReference = 322B5B2F108BA69F00CA9BDE /* AudioEngine-Debug.xcconfig */;
			buildSettings = {
				ALWAYS_SEARCH_USER_PATHS = NO;
				COPY_PHASE_STRIP = NO;
				DYLIB_COMPATIBILITY_VERSION = 1;
				DYLIB_CURRENT_VERSION = 1;
				FRAMEWORK_SEARCH_PATHS = (
					"$(inherited)",
					"\"$(SRCROOT)/Frameworks\"",
					"\"$(SRCROOT)/Frameworks/vorbis.framework/Versions/A/Frameworks\"",
				);
				FRAMEWORK_VERSION = A;
				GCC_DYNAMIC_NO_PIC = NO;
				GCC_ENABLE_FIX_AND_CONTINUE = YES;
				GCC_MODEL_TUNING = G5;
				GCC_OPTIMIZATION_LEVEL = 0;
				HEADER_SEARCH_PATHS = "$(SRCROOT)/ThirdParty";
				INFOPLIST_FILE = Info.plist;
				INSTALL_PATH = "@rpath";
				LD_RUNPATH_SEARCH_PATHS = "@loader_path/Frameworks";
				PRODUCT_NAME = SFBAudioEngine;
			};
			name = Debug;
		};
		32C212D81091116D00BA2493 /* Release */ = {
			isa = XCBuildConfiguration;
			baseConfigurationReference = 322B5B30108BA69F00CA9BDE /* AudioEngine-Release.xcconfig */;
			buildSettings = {
				ALWAYS_SEARCH_USER_PATHS = NO;
				COPY_PHASE_STRIP = YES;
				DEBUG_INFORMATION_FORMAT = "dwarf-with-dsym";
				DYLIB_COMPATIBILITY_VERSION = 1;
				DYLIB_CURRENT_VERSION = 1;
				FRAMEWORK_SEARCH_PATHS = (
					"$(inherited)",
					"\"$(SRCROOT)/Frameworks\"",
					"\"$(SRCROOT)/Frameworks/vorbis.framework/Versions/A/Frameworks\"",
				);
				FRAMEWORK_VERSION = A;
				GCC_ENABLE_FIX_AND_CONTINUE = NO;
				GCC_MODEL_TUNING = G5;
				HEADER_SEARCH_PATHS = "$(SRCROOT)/ThirdParty";
				INFOPLIST_FILE = Info.plist;
				INSTALL_PATH = "@rpath";
				LD_RUNPATH_SEARCH_PATHS = "@loader_path/Frameworks";
				PREBINDING = NO;
				PRODUCT_NAME = SFBAudioEngine;
			};
			name = Release;
		};
		32C21312109112A000BA2493 /* Debug */ = {
			isa = XCBuildConfiguration;
			baseConfigurationReference = 322B5B2D108BA69F00CA9BDE /* Debug.xcconfig */;
			buildSettings = {
				ALWAYS_SEARCH_USER_PATHS = NO;
				COPY_PHASE_STRIP = NO;
				GCC_DYNAMIC_NO_PIC = NO;
				GCC_ENABLE_FIX_AND_CONTINUE = YES;
				GCC_MODEL_TUNING = G5;
				GCC_OPTIMIZATION_LEVEL = 0;
				INSTALL_PATH = /usr/local/bin;
				PREBINDING = NO;
				PRODUCT_NAME = AudioEngineExample;
			};
			name = Debug;
		};
		32C21313109112A000BA2493 /* Release */ = {
			isa = XCBuildConfiguration;
			baseConfigurationReference = 322B5B2E108BA69F00CA9BDE /* Release.xcconfig */;
			buildSettings = {
				ALWAYS_SEARCH_USER_PATHS = NO;
				COPY_PHASE_STRIP = YES;
				DEBUG_INFORMATION_FORMAT = "dwarf-with-dsym";
				GCC_ENABLE_FIX_AND_CONTINUE = NO;
				GCC_MODEL_TUNING = G5;
				INSTALL_PATH = /usr/local/bin;
				PREBINDING = NO;
				PRODUCT_NAME = AudioEngineExample;
			};
			name = Release;
		};
		C01FCF4F08A954540054247B /* Debug */ = {
			isa = XCBuildConfiguration;
			buildSettings = {
			};
			name = Debug;
		};
		C01FCF5008A954540054247B /* Release */ = {
			isa = XCBuildConfiguration;
			buildSettings = {
			};
			name = Release;
		};
/* End XCBuildConfiguration section */

/* Begin XCConfigurationList section */
		3252E84010CC9E4600F1AA23 /* Build configuration list for PBXNativeTarget "SimplePlayer" */ = {
			isa = XCConfigurationList;
			buildConfigurations = (
				3252E83E10CC9E4600F1AA23 /* Debug */,
				3252E83F10CC9E4600F1AA23 /* Release */,
			);
			defaultConfigurationIsVisible = 0;
			defaultConfigurationName = Release;
		};
		32C212D91091116E00BA2493 /* Build configuration list for PBXNativeTarget "SFBAudioEngine.framework" */ = {
			isa = XCConfigurationList;
			buildConfigurations = (
				32C212D71091116D00BA2493 /* Debug */,
				32C212D81091116D00BA2493 /* Release */,
			);
			defaultConfigurationIsVisible = 0;
			defaultConfigurationName = Release;
		};
		32C21316109112B200BA2493 /* Build configuration list for PBXNativeTarget "Example" */ = {
			isa = XCConfigurationList;
			buildConfigurations = (
				32C21312109112A000BA2493 /* Debug */,
				32C21313109112A000BA2493 /* Release */,
			);
			defaultConfigurationIsVisible = 0;
			defaultConfigurationName = Release;
		};
		C01FCF4E08A954540054247B /* Build configuration list for PBXProject "SFBAudioEngine" */ = {
			isa = XCConfigurationList;
			buildConfigurations = (
				C01FCF4F08A954540054247B /* Debug */,
				C01FCF5008A954540054247B /* Release */,
			);
			defaultConfigurationIsVisible = 0;
			defaultConfigurationName = Release;
		};
/* End XCConfigurationList section */
	};
	rootObject = 29B97313FDCFA39411CA2CEA /* Project object */;
}
