// !$*UTF8*$!
{
	archiveVersion = 1;
	classes = {
	};
	objectVersion = 46;
	objects = {

/* Begin PBXBuildFile section */
		3240F9ED17BA579F002360A3 /* AudioToolbox.framework in Frameworks */ = {isa = PBXBuildFile; fileRef = 3240F9EB17BA578C002360A3 /* AudioToolbox.framework */; };
		3240F9EF17BA57B4002360A3 /* Accelerate.framework in Frameworks */ = {isa = PBXBuildFile; fileRef = 3240F9EE17BA57B4002360A3 /* Accelerate.framework */; };
		3240F9F117BA58B1002360A3 /* libSFBAudioEngine.a in Frameworks */ = {isa = PBXBuildFile; fileRef = 3296821B17B9D23100B3CDB4 /* libSFBAudioEngine.a */; };
		3240F9FC17BC4298002360A3 /* tone16bit.flac in Resources */ = {isa = PBXBuildFile; fileRef = 3240F9FB17BC4298002360A3 /* tone16bit.flac */; };
		3268F8E02456F984006A5911 /* NSError+SFBURLPresentation.m in Sources */ = {isa = PBXBuildFile; fileRef = 3268F8812456F984006A5911 /* NSError+SFBURLPresentation.m */; };
		3268F8E22456F984006A5911 /* SFBDSDPCMDecoder.mm in Sources */ = {isa = PBXBuildFile; fileRef = 3268F88A2456F984006A5911 /* SFBDSDPCMDecoder.mm */; };
		3268F8E42456F984006A5911 /* SFBDoPDecoder.m in Sources */ = {isa = PBXBuildFile; fileRef = 3268F88C2456F984006A5911 /* SFBDoPDecoder.m */; };
		3268F8E82456F984006A5911 /* SFBDSFDecoder.m in Sources */ = {isa = PBXBuildFile; fileRef = 3268F8922456F984006A5911 /* SFBDSFDecoder.m */; };
		3268F8E92456F984006A5911 /* SFBLoopableRegionDecoder.m in Sources */ = {isa = PBXBuildFile; fileRef = 3268F8942456F984006A5911 /* SFBLoopableRegionDecoder.m */; };
		3268F8EA2456F984006A5911 /* SFBDSDIFFDecoder.mm in Sources */ = {isa = PBXBuildFile; fileRef = 3268F8962456F984006A5911 /* SFBDSDIFFDecoder.mm */; };
		3268F8EB2456F984006A5911 /* SFBCoreAudioDecoder.m in Sources */ = {isa = PBXBuildFile; fileRef = 3268F89A2456F984006A5911 /* SFBCoreAudioDecoder.m */; };
		3268F8EC2456F984006A5911 /* AVAudioChannelLayout+SFBChannelLabels.m in Sources */ = {isa = PBXBuildFile; fileRef = 3268F89C2456F984006A5911 /* AVAudioChannelLayout+SFBChannelLabels.m */; };
		3268F8ED2456F984006A5911 /* AVAudioPCMBuffer+SFBBufferUtilities.m in Sources */ = {isa = PBXBuildFile; fileRef = 3268F89D2456F984006A5911 /* AVAudioPCMBuffer+SFBBufferUtilities.m */; };
		3268F8F02456F984006A5911 /* SFBAudioDecoder.m in Sources */ = {isa = PBXBuildFile; fileRef = 3268F8A52456F984006A5911 /* SFBAudioDecoder.m */; };
		3268F8F12456F984006A5911 /* SFBDSDDecoder.m in Sources */ = {isa = PBXBuildFile; fileRef = 3268F8A82456F984006A5911 /* SFBDSDDecoder.m */; };
		3268F8F72456F984006A5911 /* SFBReplayGainAnalyzer.m in Sources */ = {isa = PBXBuildFile; fileRef = 3268F8B62456F984006A5911 /* SFBReplayGainAnalyzer.m */; };
		3268F8F82456F984006A5911 /* SFBHTTPInputSource.m in Sources */ = {isa = PBXBuildFile; fileRef = 3268F8BB2456F984006A5911 /* SFBHTTPInputSource.m */; };
		3268F8F92456F984006A5911 /* SFBFileContentsInputSource.m in Sources */ = {isa = PBXBuildFile; fileRef = 3268F8C02456F984006A5911 /* SFBFileContentsInputSource.m */; };
		3268F8FA2456F984006A5911 /* SFBFileInputSource.m in Sources */ = {isa = PBXBuildFile; fileRef = 3268F8C12456F984006A5911 /* SFBFileInputSource.m */; };
		3268F8FB2456F984006A5911 /* SFBInputSource.m in Sources */ = {isa = PBXBuildFile; fileRef = 3268F8C32456F984006A5911 /* SFBInputSource.m */; };
		3268F8FC2456F984006A5911 /* SFBMemoryMappedFileInputSource.m in Sources */ = {isa = PBXBuildFile; fileRef = 3268F8C42456F984006A5911 /* SFBMemoryMappedFileInputSource.m */; };
		3268F8FD2456F984006A5911 /* SFBDataInputSource.m in Sources */ = {isa = PBXBuildFile; fileRef = 3268F8C52456F984006A5911 /* SFBDataInputSource.m */; };
		3268F8FE2456F984006A5911 /* SFBAudioPlayer.mm in Sources */ = {isa = PBXBuildFile; fileRef = 3268F8C72456F984006A5911 /* SFBAudioPlayer.mm */; };
		3268F8FF2456F984006A5911 /* SFBAudioPlayerNode.mm in Sources */ = {isa = PBXBuildFile; fileRef = 3268F8C82456F984006A5911 /* SFBAudioPlayerNode.mm */; };
		3268F9002456F984006A5911 /* AudioRingBuffer.cpp in Sources */ = {isa = PBXBuildFile; fileRef = 3268F8CA2456F984006A5911 /* AudioRingBuffer.cpp */; };
		3268F9012456F984006A5911 /* RingBuffer.cpp in Sources */ = {isa = PBXBuildFile; fileRef = 3268F8CD2456F984006A5911 /* RingBuffer.cpp */; };
		3268F9022456F984006A5911 /* AVAudioFormat+SFBFormatTransformation.m in Sources */ = {isa = PBXBuildFile; fileRef = 3268F8CE2456F984006A5911 /* AVAudioFormat+SFBFormatTransformation.m */; };
		3268F9032456F984006A5911 /* AudioFormat.cpp in Sources */ = {isa = PBXBuildFile; fileRef = 3268F8D02456F984006A5911 /* AudioFormat.cpp */; };
		3268F9042456F984006A5911 /* SFBAudioPlayerNode.swift in Sources */ = {isa = PBXBuildFile; fileRef = 3268F8D32456F984006A5911 /* SFBAudioPlayerNode.swift */; };
		3268F9052456F984006A5911 /* SFBAudioPlayer.swift in Sources */ = {isa = PBXBuildFile; fileRef = 3268F8D52456F984006A5911 /* SFBAudioPlayer.swift */; };
		3268F9152456F9E6006A5911 /* SFBAudioDeviceDataSource.m in Sources */ = {isa = PBXBuildFile; fileRef = 3268F90D2456F9E6006A5911 /* SFBAudioDeviceDataSource.m */; };
		3268F9162456F9E6006A5911 /* SFBAudioOutputDevice.m in Sources */ = {isa = PBXBuildFile; fileRef = 3268F90E2456F9E6006A5911 /* SFBAudioOutputDevice.m */; };
		3268F9172456F9E6006A5911 /* SFBAudioDevice.m in Sources */ = {isa = PBXBuildFile; fileRef = 3268F90F2456F9E6006A5911 /* SFBAudioDevice.m */; };
		3268F9182456F9E6006A5911 /* SFBAudioDeviceNotifier.m in Sources */ = {isa = PBXBuildFile; fileRef = 3268F9102456F9E6006A5911 /* SFBAudioDeviceNotifier.m */; };
		3268F9192456F9E6006A5911 /* SFBAudioDevice.swift in Sources */ = {isa = PBXBuildFile; fileRef = 3268F9142456F9E6006A5911 /* SFBAudioDevice.swift */; };
		3296821D17B9D23200B3CDB4 /* Foundation.framework in Frameworks */ = {isa = PBXBuildFile; fileRef = 3296821C17B9D23100B3CDB4 /* Foundation.framework */; };
		3296831E17B9DD0300B3CDB4 /* Foundation.framework in Frameworks */ = {isa = PBXBuildFile; fileRef = 3296821C17B9D23100B3CDB4 /* Foundation.framework */; };
		3296832017B9DD0300B3CDB4 /* CoreGraphics.framework in Frameworks */ = {isa = PBXBuildFile; fileRef = 3296831F17B9DD0300B3CDB4 /* CoreGraphics.framework */; };
		3296832117B9DD0300B3CDB4 /* UIKit.framework in Frameworks */ = {isa = PBXBuildFile; fileRef = 3296822D17B9D23200B3CDB4 /* UIKit.framework */; };
		3296832717B9DD0300B3CDB4 /* InfoPlist.strings in Resources */ = {isa = PBXBuildFile; fileRef = 3296832517B9DD0300B3CDB4 /* InfoPlist.strings */; };
		3296832917B9DD0300B3CDB4 /* main.m in Sources */ = {isa = PBXBuildFile; fileRef = 3296832817B9DD0300B3CDB4 /* main.m */; };
		3296832D17B9DD0300B3CDB4 /* AppDelegate.mm in Sources */ = {isa = PBXBuildFile; fileRef = 3296832C17B9DD0300B3CDB4 /* AppDelegate.mm */; };
		3296833017B9DD0300B3CDB4 /* Main_iPhone.storyboard in Resources */ = {isa = PBXBuildFile; fileRef = 3296832E17B9DD0300B3CDB4 /* Main_iPhone.storyboard */; };
		3296833317B9DD0300B3CDB4 /* Main_iPad.storyboard in Resources */ = {isa = PBXBuildFile; fileRef = 3296833117B9DD0300B3CDB4 /* Main_iPad.storyboard */; };
		3296833617B9DD0300B3CDB4 /* ViewController.mm in Sources */ = {isa = PBXBuildFile; fileRef = 3296833517B9DD0300B3CDB4 /* ViewController.mm */; };
		3296833817B9DD0300B3CDB4 /* Images.xcassets in Resources */ = {isa = PBXBuildFile; fileRef = 3296833717B9DD0300B3CDB4 /* Images.xcassets */; };
/* End PBXBuildFile section */

/* Begin PBXContainerItemProxy section */
		3296835117B9DE0400B3CDB4 /* PBXContainerItemProxy */ = {
			isa = PBXContainerItemProxy;
			containerPortal = 29B97313FDCFA39411CA2CEA /* Project object */;
			proxyType = 1;
			remoteGlobalIDString = 3296821A17B9D23100B3CDB4;
			remoteInfo = libSFBAudioEngine;
		};
/* End PBXContainerItemProxy section */

/* Begin PBXCopyFilesBuildPhase section */
		3296821917B9D23100B3CDB4 /* CopyFiles */ = {
			isa = PBXCopyFilesBuildPhase;
			buildActionMask = 2147483647;
			dstPath = "include/$(PRODUCT_NAME)";
			dstSubfolderSpec = 16;
			files = (
			);
			runOnlyForDeploymentPostprocessing = 0;
		};
/* End PBXCopyFilesBuildPhase section */

/* Begin PBXFileReference section */
		3240F9EB17BA578C002360A3 /* AudioToolbox.framework */ = {isa = PBXFileReference; lastKnownFileType = wrapper.framework; name = AudioToolbox.framework; path = System/Library/Frameworks/AudioToolbox.framework; sourceTree = SDKROOT; };
		3240F9EE17BA57B4002360A3 /* Accelerate.framework */ = {isa = PBXFileReference; lastKnownFileType = wrapper.framework; name = Accelerate.framework; path = System/Library/Frameworks/Accelerate.framework; sourceTree = SDKROOT; };
		3240F9FB17BC4298002360A3 /* tone16bit.flac */ = {isa = PBXFileReference; lastKnownFileType = file; path = tone16bit.flac; sourceTree = "<group>"; };
		3259C9C717389B850035D749 /* sndfile.framework */ = {isa = PBXFileReference; lastKnownFileType = wrapper.framework; name = sndfile.framework; path = Frameworks/sndfile.framework; sourceTree = "<group>"; };
		3268F87E2456F984006A5911 /* SFBCStringForOSType.h */ = {isa = PBXFileReference; fileEncoding = 4; lastKnownFileType = sourcecode.c.h; path = SFBCStringForOSType.h; sourceTree = "<group>"; };
		3268F87F2456F984006A5911 /* NSError+SFBURLPresentation.h */ = {isa = PBXFileReference; fileEncoding = 4; lastKnownFileType = sourcecode.c.h; path = "NSError+SFBURLPresentation.h"; sourceTree = "<group>"; };
		3268F8802456F984006A5911 /* CFWrapper.h */ = {isa = PBXFileReference; fileEncoding = 4; lastKnownFileType = sourcecode.c.h; path = CFWrapper.h; sourceTree = "<group>"; };
		3268F8812456F984006A5911 /* NSError+SFBURLPresentation.m */ = {isa = PBXFileReference; fileEncoding = 4; lastKnownFileType = sourcecode.c.objc; path = "NSError+SFBURLPresentation.m"; sourceTree = "<group>"; };
		3268F8832456F984006A5911 /* SFBModuleDecoder.h */ = {isa = PBXFileReference; fileEncoding = 4; lastKnownFileType = sourcecode.c.h; path = SFBModuleDecoder.h; sourceTree = "<group>"; };
		3268F8842456F984006A5911 /* SFBFLACDecoder.m */ = {isa = PBXFileReference; fileEncoding = 4; lastKnownFileType = sourcecode.c.objc; path = SFBFLACDecoder.m; sourceTree = "<group>"; };
		3268F8852456F984006A5911 /* SFBDSDIFFDecoder.h */ = {isa = PBXFileReference; fileEncoding = 4; lastKnownFileType = sourcecode.c.h; path = SFBDSDIFFDecoder.h; sourceTree = "<group>"; };
		3268F8862456F984006A5911 /* SFBDSDDecoder+Internal.h */ = {isa = PBXFileReference; fileEncoding = 4; lastKnownFileType = sourcecode.c.h; path = "SFBDSDDecoder+Internal.h"; sourceTree = "<group>"; };
		3268F8872456F984006A5911 /* SFBCoreAudioDecoder.h */ = {isa = PBXFileReference; fileEncoding = 4; lastKnownFileType = sourcecode.c.h; path = SFBCoreAudioDecoder.h; sourceTree = "<group>"; };
		3268F8882456F984006A5911 /* SFBAudioDecoder+Internal.h */ = {isa = PBXFileReference; fileEncoding = 4; lastKnownFileType = sourcecode.c.h; path = "SFBAudioDecoder+Internal.h"; sourceTree = "<group>"; };
		3268F8892456F984006A5911 /* SFBAudioDecoder.h */ = {isa = PBXFileReference; fileEncoding = 4; lastKnownFileType = sourcecode.c.h; path = SFBAudioDecoder.h; sourceTree = "<group>"; };
		3268F88A2456F984006A5911 /* SFBDSDPCMDecoder.mm */ = {isa = PBXFileReference; fileEncoding = 4; lastKnownFileType = sourcecode.cpp.objcpp; path = SFBDSDPCMDecoder.mm; sourceTree = "<group>"; };
		3268F88B2456F984006A5911 /* SFBLibsndfileDecoder.m */ = {isa = PBXFileReference; fileEncoding = 4; lastKnownFileType = sourcecode.c.objc; path = SFBLibsndfileDecoder.m; sourceTree = "<group>"; };
		3268F88C2456F984006A5911 /* SFBDoPDecoder.m */ = {isa = PBXFileReference; fileEncoding = 4; lastKnownFileType = sourcecode.c.objc; path = SFBDoPDecoder.m; sourceTree = "<group>"; };
		3268F88D2456F984006A5911 /* SFBOggVorbisDecoder.m */ = {isa = PBXFileReference; fileEncoding = 4; lastKnownFileType = sourcecode.c.objc; path = SFBOggVorbisDecoder.m; sourceTree = "<group>"; };
		3268F88E2456F984006A5911 /* SFBDSDDecoder.h */ = {isa = PBXFileReference; fileEncoding = 4; lastKnownFileType = sourcecode.c.h; path = SFBDSDDecoder.h; sourceTree = "<group>"; };
		3268F88F2456F984006A5911 /* SFBTrueAudioDecoder.mm */ = {isa = PBXFileReference; fileEncoding = 4; lastKnownFileType = sourcecode.cpp.objcpp; path = SFBTrueAudioDecoder.mm; sourceTree = "<group>"; };
		3268F8912456F984006A5911 /* SFBMusepackDecoder.m */ = {isa = PBXFileReference; fileEncoding = 4; lastKnownFileType = sourcecode.c.objc; path = SFBMusepackDecoder.m; sourceTree = "<group>"; };
		3268F8922456F984006A5911 /* SFBDSFDecoder.m */ = {isa = PBXFileReference; fileEncoding = 4; lastKnownFileType = sourcecode.c.objc; path = SFBDSFDecoder.m; sourceTree = "<group>"; };
		3268F8932456F984006A5911 /* SFBWavPackDecoder.h */ = {isa = PBXFileReference; fileEncoding = 4; lastKnownFileType = sourcecode.c.h; path = SFBWavPackDecoder.h; sourceTree = "<group>"; };
		3268F8942456F984006A5911 /* SFBLoopableRegionDecoder.m */ = {isa = PBXFileReference; fileEncoding = 4; lastKnownFileType = sourcecode.c.objc; path = SFBLoopableRegionDecoder.m; sourceTree = "<group>"; };
		3268F8952456F984006A5911 /* SFBMPEGDecoder.h */ = {isa = PBXFileReference; fileEncoding = 4; lastKnownFileType = sourcecode.c.h; path = SFBMPEGDecoder.h; sourceTree = "<group>"; };
		3268F8962456F984006A5911 /* SFBDSDIFFDecoder.mm */ = {isa = PBXFileReference; fileEncoding = 4; lastKnownFileType = sourcecode.cpp.objcpp; path = SFBDSDIFFDecoder.mm; sourceTree = "<group>"; };
		3268F8972456F984006A5911 /* SFBOggSpeexDecoder.h */ = {isa = PBXFileReference; fileEncoding = 4; lastKnownFileType = sourcecode.c.h; path = SFBOggSpeexDecoder.h; sourceTree = "<group>"; };
		3268F8982456F984006A5911 /* SFBOggOpusDecoder.h */ = {isa = PBXFileReference; fileEncoding = 4; lastKnownFileType = sourcecode.c.h; path = SFBOggOpusDecoder.h; sourceTree = "<group>"; };
		3268F8992456F984006A5911 /* SFBDSDDecoding.h */ = {isa = PBXFileReference; fileEncoding = 4; lastKnownFileType = sourcecode.c.h; path = SFBDSDDecoding.h; sourceTree = "<group>"; };
		3268F89A2456F984006A5911 /* SFBCoreAudioDecoder.m */ = {isa = PBXFileReference; fileEncoding = 4; lastKnownFileType = sourcecode.c.objc; path = SFBCoreAudioDecoder.m; sourceTree = "<group>"; };
		3268F89C2456F984006A5911 /* AVAudioChannelLayout+SFBChannelLabels.m */ = {isa = PBXFileReference; fileEncoding = 4; lastKnownFileType = sourcecode.c.objc; path = "AVAudioChannelLayout+SFBChannelLabels.m"; sourceTree = "<group>"; };
		3268F89D2456F984006A5911 /* AVAudioPCMBuffer+SFBBufferUtilities.m */ = {isa = PBXFileReference; fileEncoding = 4; lastKnownFileType = sourcecode.c.objc; path = "AVAudioPCMBuffer+SFBBufferUtilities.m"; sourceTree = "<group>"; };
		3268F89E2456F984006A5911 /* AVAudioChannelLayout+SFBChannelLabels.h */ = {isa = PBXFileReference; fileEncoding = 4; lastKnownFileType = sourcecode.c.h; path = "AVAudioChannelLayout+SFBChannelLabels.h"; sourceTree = "<group>"; };
		3268F89F2456F984006A5911 /* AVAudioPCMBuffer+SFBBufferUtilities.h */ = {isa = PBXFileReference; fileEncoding = 4; lastKnownFileType = sourcecode.c.h; path = "AVAudioPCMBuffer+SFBBufferUtilities.h"; sourceTree = "<group>"; };
		3268F8A02456F984006A5911 /* SFBFLACDecoder.h */ = {isa = PBXFileReference; fileEncoding = 4; lastKnownFileType = sourcecode.c.h; path = SFBFLACDecoder.h; sourceTree = "<group>"; };
		3268F8A12456F984006A5911 /* SFBModuleDecoder.m */ = {isa = PBXFileReference; fileEncoding = 4; lastKnownFileType = sourcecode.c.objc; path = SFBModuleDecoder.m; sourceTree = "<group>"; };
		3268F8A22456F984006A5911 /* SFBDSDPCMDecoder.h */ = {isa = PBXFileReference; fileEncoding = 4; lastKnownFileType = sourcecode.c.h; path = SFBDSDPCMDecoder.h; sourceTree = "<group>"; };
		3268F8A32456F984006A5911 /* SFBMonkeysAudioDecoder.mm */ = {isa = PBXFileReference; fileEncoding = 4; lastKnownFileType = sourcecode.cpp.objcpp; path = SFBMonkeysAudioDecoder.mm; sourceTree = "<group>"; };
		3268F8A42456F984006A5911 /* SFBMonkeysAudioDecoder.h */ = {isa = PBXFileReference; fileEncoding = 4; lastKnownFileType = sourcecode.c.h; path = SFBMonkeysAudioDecoder.h; sourceTree = "<group>"; };
		3268F8A52456F984006A5911 /* SFBAudioDecoder.m */ = {isa = PBXFileReference; fileEncoding = 4; lastKnownFileType = sourcecode.c.objc; path = SFBAudioDecoder.m; sourceTree = "<group>"; };
		3268F8A62456F984006A5911 /* SFBAudioDecoding.h */ = {isa = PBXFileReference; fileEncoding = 4; lastKnownFileType = sourcecode.c.h; path = SFBAudioDecoding.h; sourceTree = "<group>"; };
		3268F8A72456F984006A5911 /* SFBMusepackDecoder.h */ = {isa = PBXFileReference; fileEncoding = 4; lastKnownFileType = sourcecode.c.h; path = SFBMusepackDecoder.h; sourceTree = "<group>"; };
		3268F8A82456F984006A5911 /* SFBDSDDecoder.m */ = {isa = PBXFileReference; fileEncoding = 4; lastKnownFileType = sourcecode.c.objc; path = SFBDSDDecoder.m; sourceTree = "<group>"; };
		3268F8A92456F984006A5911 /* SFBOggVorbisDecoder.h */ = {isa = PBXFileReference; fileEncoding = 4; lastKnownFileType = sourcecode.c.h; path = SFBOggVorbisDecoder.h; sourceTree = "<group>"; };
		3268F8AA2456F984006A5911 /* SFBDoPDecoder.h */ = {isa = PBXFileReference; fileEncoding = 4; lastKnownFileType = sourcecode.c.h; path = SFBDoPDecoder.h; sourceTree = "<group>"; };
		3268F8AB2456F984006A5911 /* SFBLibsndfileDecoder.h */ = {isa = PBXFileReference; fileEncoding = 4; lastKnownFileType = sourcecode.c.h; path = SFBLibsndfileDecoder.h; sourceTree = "<group>"; };
		3268F8AC2456F984006A5911 /* SFBOggOpusDecoder.m */ = {isa = PBXFileReference; fileEncoding = 4; lastKnownFileType = sourcecode.c.objc; path = SFBOggOpusDecoder.m; sourceTree = "<group>"; };
		3268F8AD2456F984006A5911 /* SFBPCMDecoding.h */ = {isa = PBXFileReference; fileEncoding = 4; lastKnownFileType = sourcecode.c.h; path = SFBPCMDecoding.h; sourceTree = "<group>"; };
		3268F8AF2456F984006A5911 /* SFBOggSpeexDecoder.m */ = {isa = PBXFileReference; fileEncoding = 4; lastKnownFileType = sourcecode.c.objc; path = SFBOggSpeexDecoder.m; sourceTree = "<group>"; };
		3268F8B02456F984006A5911 /* SFBTrueAudioDecoder.h */ = {isa = PBXFileReference; fileEncoding = 4; lastKnownFileType = sourcecode.c.h; path = SFBTrueAudioDecoder.h; sourceTree = "<group>"; };
		3268F8B12456F984006A5911 /* SFBMPEGDecoder.m */ = {isa = PBXFileReference; fileEncoding = 4; lastKnownFileType = sourcecode.c.objc; path = SFBMPEGDecoder.m; sourceTree = "<group>"; };
		3268F8B22456F984006A5911 /* SFBLoopableRegionDecoder.h */ = {isa = PBXFileReference; fileEncoding = 4; lastKnownFileType = sourcecode.c.h; path = SFBLoopableRegionDecoder.h; sourceTree = "<group>"; };
		3268F8B32456F984006A5911 /* SFBWavPackDecoder.m */ = {isa = PBXFileReference; fileEncoding = 4; lastKnownFileType = sourcecode.c.objc; path = SFBWavPackDecoder.m; sourceTree = "<group>"; };
		3268F8B42456F984006A5911 /* SFBDSFDecoder.h */ = {isa = PBXFileReference; fileEncoding = 4; lastKnownFileType = sourcecode.c.h; path = SFBDSFDecoder.h; sourceTree = "<group>"; };
		3268F8B62456F984006A5911 /* SFBReplayGainAnalyzer.m */ = {isa = PBXFileReference; fileEncoding = 4; lastKnownFileType = sourcecode.c.objc; path = SFBReplayGainAnalyzer.m; sourceTree = "<group>"; };
		3268F8B72456F984006A5911 /* SFBReplayGainAnalyzer.h */ = {isa = PBXFileReference; fileEncoding = 4; lastKnownFileType = sourcecode.c.h; path = SFBReplayGainAnalyzer.h; sourceTree = "<group>"; };
		3268F8B92456F984006A5911 /* SFBInputSource+Internal.h */ = {isa = PBXFileReference; fileEncoding = 4; lastKnownFileType = sourcecode.c.h; path = "SFBInputSource+Internal.h"; sourceTree = "<group>"; };
		3268F8BA2456F984006A5911 /* SFBFileContentsInputSource.h */ = {isa = PBXFileReference; fileEncoding = 4; lastKnownFileType = sourcecode.c.h; path = SFBFileContentsInputSource.h; sourceTree = "<group>"; };
		3268F8BB2456F984006A5911 /* SFBHTTPInputSource.m */ = {isa = PBXFileReference; fileEncoding = 4; lastKnownFileType = sourcecode.c.objc; path = SFBHTTPInputSource.m; sourceTree = "<group>"; };
		3268F8BC2456F984006A5911 /* SFBFileInputSource.h */ = {isa = PBXFileReference; fileEncoding = 4; lastKnownFileType = sourcecode.c.h; path = SFBFileInputSource.h; sourceTree = "<group>"; };
		3268F8BD2456F984006A5911 /* SFBInputSource.h */ = {isa = PBXFileReference; fileEncoding = 4; lastKnownFileType = sourcecode.c.h; path = SFBInputSource.h; sourceTree = "<group>"; };
		3268F8BE2456F984006A5911 /* SFBDataInputSource.h */ = {isa = PBXFileReference; fileEncoding = 4; lastKnownFileType = sourcecode.c.h; path = SFBDataInputSource.h; sourceTree = "<group>"; };
		3268F8BF2456F984006A5911 /* SFBMemoryMappedFileInputSource.h */ = {isa = PBXFileReference; fileEncoding = 4; lastKnownFileType = sourcecode.c.h; path = SFBMemoryMappedFileInputSource.h; sourceTree = "<group>"; };
		3268F8C02456F984006A5911 /* SFBFileContentsInputSource.m */ = {isa = PBXFileReference; fileEncoding = 4; lastKnownFileType = sourcecode.c.objc; path = SFBFileContentsInputSource.m; sourceTree = "<group>"; };
		3268F8C12456F984006A5911 /* SFBFileInputSource.m */ = {isa = PBXFileReference; fileEncoding = 4; lastKnownFileType = sourcecode.c.objc; path = SFBFileInputSource.m; sourceTree = "<group>"; };
		3268F8C22456F984006A5911 /* SFBHTTPInputSource.h */ = {isa = PBXFileReference; fileEncoding = 4; lastKnownFileType = sourcecode.c.h; path = SFBHTTPInputSource.h; sourceTree = "<group>"; };
		3268F8C32456F984006A5911 /* SFBInputSource.m */ = {isa = PBXFileReference; fileEncoding = 4; lastKnownFileType = sourcecode.c.objc; path = SFBInputSource.m; sourceTree = "<group>"; };
		3268F8C42456F984006A5911 /* SFBMemoryMappedFileInputSource.m */ = {isa = PBXFileReference; fileEncoding = 4; lastKnownFileType = sourcecode.c.objc; path = SFBMemoryMappedFileInputSource.m; sourceTree = "<group>"; };
		3268F8C52456F984006A5911 /* SFBDataInputSource.m */ = {isa = PBXFileReference; fileEncoding = 4; lastKnownFileType = sourcecode.c.objc; path = SFBDataInputSource.m; sourceTree = "<group>"; };
		3268F8C72456F984006A5911 /* SFBAudioPlayer.mm */ = {isa = PBXFileReference; fileEncoding = 4; lastKnownFileType = sourcecode.cpp.objcpp; path = SFBAudioPlayer.mm; sourceTree = "<group>"; };
		3268F8C82456F984006A5911 /* SFBAudioPlayerNode.mm */ = {isa = PBXFileReference; fileEncoding = 4; lastKnownFileType = sourcecode.cpp.objcpp; path = SFBAudioPlayerNode.mm; sourceTree = "<group>"; };
		3268F8CA2456F984006A5911 /* AudioRingBuffer.cpp */ = {isa = PBXFileReference; fileEncoding = 4; lastKnownFileType = sourcecode.cpp.cpp; path = AudioRingBuffer.cpp; sourceTree = "<group>"; };
		3268F8CB2456F984006A5911 /* AudioRingBuffer.h */ = {isa = PBXFileReference; fileEncoding = 4; lastKnownFileType = sourcecode.c.h; path = AudioRingBuffer.h; sourceTree = "<group>"; };
		3268F8CC2456F984006A5911 /* AVAudioFormat+SFBFormatTransformation.h */ = {isa = PBXFileReference; fileEncoding = 4; lastKnownFileType = sourcecode.c.h; path = "AVAudioFormat+SFBFormatTransformation.h"; sourceTree = "<group>"; };
		3268F8CD2456F984006A5911 /* RingBuffer.cpp */ = {isa = PBXFileReference; fileEncoding = 4; lastKnownFileType = sourcecode.cpp.cpp; path = RingBuffer.cpp; sourceTree = "<group>"; };
		3268F8CE2456F984006A5911 /* AVAudioFormat+SFBFormatTransformation.m */ = {isa = PBXFileReference; fileEncoding = 4; lastKnownFileType = sourcecode.c.objc; path = "AVAudioFormat+SFBFormatTransformation.m"; sourceTree = "<group>"; };
		3268F8CF2456F984006A5911 /* AudioFormat.h */ = {isa = PBXFileReference; fileEncoding = 4; lastKnownFileType = sourcecode.c.h; path = AudioFormat.h; sourceTree = "<group>"; };
		3268F8D02456F984006A5911 /* AudioFormat.cpp */ = {isa = PBXFileReference; fileEncoding = 4; lastKnownFileType = sourcecode.cpp.cpp; path = AudioFormat.cpp; sourceTree = "<group>"; };
		3268F8D12456F984006A5911 /* RingBuffer.h */ = {isa = PBXFileReference; fileEncoding = 4; lastKnownFileType = sourcecode.c.h; path = RingBuffer.h; sourceTree = "<group>"; };
		3268F8D22456F984006A5911 /* SFBAudioPlayer.h */ = {isa = PBXFileReference; fileEncoding = 4; lastKnownFileType = sourcecode.c.h; path = SFBAudioPlayer.h; sourceTree = "<group>"; };
		3268F8D32456F984006A5911 /* SFBAudioPlayerNode.swift */ = {isa = PBXFileReference; fileEncoding = 4; lastKnownFileType = sourcecode.swift; path = SFBAudioPlayerNode.swift; sourceTree = "<group>"; };
		3268F8D42456F984006A5911 /* SFBAudioPlayerNode.h */ = {isa = PBXFileReference; fileEncoding = 4; lastKnownFileType = sourcecode.c.h; path = SFBAudioPlayerNode.h; sourceTree = "<group>"; };
		3268F8D52456F984006A5911 /* SFBAudioPlayer.swift */ = {isa = PBXFileReference; fileEncoding = 4; lastKnownFileType = sourcecode.swift; path = SFBAudioPlayer.swift; sourceTree = "<group>"; };
		3268F90C2456F9E6006A5911 /* SFBAudioDeviceNotifier.h */ = {isa = PBXFileReference; fileEncoding = 4; lastKnownFileType = sourcecode.c.h; path = SFBAudioDeviceNotifier.h; sourceTree = "<group>"; };
		3268F90D2456F9E6006A5911 /* SFBAudioDeviceDataSource.m */ = {isa = PBXFileReference; fileEncoding = 4; lastKnownFileType = sourcecode.c.objc; path = SFBAudioDeviceDataSource.m; sourceTree = "<group>"; };
		3268F90E2456F9E6006A5911 /* SFBAudioOutputDevice.m */ = {isa = PBXFileReference; fileEncoding = 4; lastKnownFileType = sourcecode.c.objc; path = SFBAudioOutputDevice.m; sourceTree = "<group>"; };
		3268F90F2456F9E6006A5911 /* SFBAudioDevice.m */ = {isa = PBXFileReference; fileEncoding = 4; lastKnownFileType = sourcecode.c.objc; path = SFBAudioDevice.m; sourceTree = "<group>"; };
		3268F9102456F9E6006A5911 /* SFBAudioDeviceNotifier.m */ = {isa = PBXFileReference; fileEncoding = 4; lastKnownFileType = sourcecode.c.objc; path = SFBAudioDeviceNotifier.m; sourceTree = "<group>"; };
		3268F9112456F9E6006A5911 /* SFBAudioDeviceDataSource.h */ = {isa = PBXFileReference; fileEncoding = 4; lastKnownFileType = sourcecode.c.h; path = SFBAudioDeviceDataSource.h; sourceTree = "<group>"; };
		3268F9122456F9E6006A5911 /* SFBAudioDevice.h */ = {isa = PBXFileReference; fileEncoding = 4; lastKnownFileType = sourcecode.c.h; path = SFBAudioDevice.h; sourceTree = "<group>"; };
		3268F9132456F9E6006A5911 /* SFBAudioOutputDevice.h */ = {isa = PBXFileReference; fileEncoding = 4; lastKnownFileType = sourcecode.c.h; path = SFBAudioOutputDevice.h; sourceTree = "<group>"; };
		3268F9142456F9E6006A5911 /* SFBAudioDevice.swift */ = {isa = PBXFileReference; fileEncoding = 4; lastKnownFileType = sourcecode.swift; path = SFBAudioDevice.swift; sourceTree = "<group>"; };
		3296821B17B9D23100B3CDB4 /* libSFBAudioEngine.a */ = {isa = PBXFileReference; explicitFileType = archive.ar; includeInIndex = 0; path = libSFBAudioEngine.a; sourceTree = BUILT_PRODUCTS_DIR; };
		3296821C17B9D23100B3CDB4 /* Foundation.framework */ = {isa = PBXFileReference; lastKnownFileType = wrapper.framework; name = Foundation.framework; path = System/Library/Frameworks/Foundation.framework; sourceTree = SDKROOT; };
		3296822A17B9D23200B3CDB4 /* XCTest.framework */ = {isa = PBXFileReference; lastKnownFileType = wrapper.framework; name = XCTest.framework; path = Library/Frameworks/XCTest.framework; sourceTree = DEVELOPER_DIR; };
		3296822D17B9D23200B3CDB4 /* UIKit.framework */ = {isa = PBXFileReference; lastKnownFileType = wrapper.framework; name = UIKit.framework; path = Library/Frameworks/UIKit.framework; sourceTree = DEVELOPER_DIR; };
		3296831D17B9DD0300B3CDB4 /* SimplePlayer-iOS.app */ = {isa = PBXFileReference; explicitFileType = wrapper.application; includeInIndex = 0; path = "SimplePlayer-iOS.app"; sourceTree = BUILT_PRODUCTS_DIR; };
		3296831F17B9DD0300B3CDB4 /* CoreGraphics.framework */ = {isa = PBXFileReference; lastKnownFileType = wrapper.framework; name = CoreGraphics.framework; path = System/Library/Frameworks/CoreGraphics.framework; sourceTree = SDKROOT; };
		3296832417B9DD0300B3CDB4 /* SimplePlayer-iOS-Info.plist */ = {isa = PBXFileReference; lastKnownFileType = text.plist.xml; path = "SimplePlayer-iOS-Info.plist"; sourceTree = "<group>"; };
		3296832617B9DD0300B3CDB4 /* en */ = {isa = PBXFileReference; lastKnownFileType = text.plist.strings; name = en; path = en.lproj/InfoPlist.strings; sourceTree = "<group>"; };
		3296832817B9DD0300B3CDB4 /* main.m */ = {isa = PBXFileReference; lastKnownFileType = sourcecode.c.objc; path = main.m; sourceTree = "<group>"; };
		3296832A17B9DD0300B3CDB4 /* SimplePlayer-iOS-Prefix.pch */ = {isa = PBXFileReference; lastKnownFileType = sourcecode.c.h; path = "SimplePlayer-iOS-Prefix.pch"; sourceTree = "<group>"; };
		3296832B17B9DD0300B3CDB4 /* AppDelegate.h */ = {isa = PBXFileReference; lastKnownFileType = sourcecode.c.h; path = AppDelegate.h; sourceTree = "<group>"; };
		3296832C17B9DD0300B3CDB4 /* AppDelegate.mm */ = {isa = PBXFileReference; lastKnownFileType = sourcecode.cpp.objcpp; path = AppDelegate.mm; sourceTree = "<group>"; };
		3296832F17B9DD0300B3CDB4 /* Base */ = {isa = PBXFileReference; lastKnownFileType = file.storyboard; name = Base; path = Base.lproj/Main_iPhone.storyboard; sourceTree = "<group>"; };
		3296833217B9DD0300B3CDB4 /* Base */ = {isa = PBXFileReference; lastKnownFileType = file.storyboard; name = Base; path = Base.lproj/Main_iPad.storyboard; sourceTree = "<group>"; };
		3296833417B9DD0300B3CDB4 /* ViewController.h */ = {isa = PBXFileReference; lastKnownFileType = sourcecode.c.h; path = ViewController.h; sourceTree = "<group>"; };
		3296833517B9DD0300B3CDB4 /* ViewController.mm */ = {isa = PBXFileReference; lastKnownFileType = sourcecode.cpp.objcpp; path = ViewController.mm; sourceTree = "<group>"; };
		3296833717B9DD0300B3CDB4 /* Images.xcassets */ = {isa = PBXFileReference; lastKnownFileType = folder.assetcatalog; path = Images.xcassets; sourceTree = "<group>"; };
		329AB89F148B17AA00180506 /* ApplicationServices.framework */ = {isa = PBXFileReference; lastKnownFileType = wrapper.framework; name = ApplicationServices.framework; path = /System/Library/Frameworks/ApplicationServices.framework; sourceTree = "<absolute>"; };
		32A1012016A50C2400EC1F9C /* Accelerate.framework */ = {isa = PBXFileReference; lastKnownFileType = wrapper.framework; name = Accelerate.framework; path = /System/Library/Frameworks/Accelerate.framework; sourceTree = "<absolute>"; };
		32AEB2D51409BA25001F9A60 /* AudioToolbox.framework */ = {isa = PBXFileReference; lastKnownFileType = wrapper.framework; name = AudioToolbox.framework; path = /System/Library/Frameworks/AudioToolbox.framework; sourceTree = "<absolute>"; };
		32AEB2D61409BA26001F9A60 /* AudioUnit.framework */ = {isa = PBXFileReference; lastKnownFileType = wrapper.framework; name = AudioUnit.framework; path = /System/Library/Frameworks/AudioUnit.framework; sourceTree = "<absolute>"; };
		32AEB2D71409BA26001F9A60 /* CoreAudio.framework */ = {isa = PBXFileReference; lastKnownFileType = wrapper.framework; name = CoreAudio.framework; path = /System/Library/Frameworks/CoreAudio.framework; sourceTree = "<absolute>"; };
		32AEB2D81409BA27001F9A60 /* CoreServices.framework */ = {isa = PBXFileReference; lastKnownFileType = wrapper.framework; name = CoreServices.framework; path = /System/Library/Frameworks/CoreServices.framework; sourceTree = "<absolute>"; };
		32CB55B817B6EE6C004022E0 /* Security.framework */ = {isa = PBXFileReference; lastKnownFileType = wrapper.framework; name = Security.framework; path = System/Library/Frameworks/Security.framework; sourceTree = SDKROOT; };
/* End PBXFileReference section */

/* Begin PBXFrameworksBuildPhase section */
		3296821817B9D23100B3CDB4 /* Frameworks */ = {
			isa = PBXFrameworksBuildPhase;
			buildActionMask = 2147483647;
			files = (
				3296821D17B9D23200B3CDB4 /* Foundation.framework in Frameworks */,
			);
			runOnlyForDeploymentPostprocessing = 0;
		};
		3296831A17B9DD0300B3CDB4 /* Frameworks */ = {
			isa = PBXFrameworksBuildPhase;
			buildActionMask = 2147483647;
			files = (
				3240F9EF17BA57B4002360A3 /* Accelerate.framework in Frameworks */,
				3240F9ED17BA579F002360A3 /* AudioToolbox.framework in Frameworks */,
				3296832017B9DD0300B3CDB4 /* CoreGraphics.framework in Frameworks */,
				3296832117B9DD0300B3CDB4 /* UIKit.framework in Frameworks */,
				3296831E17B9DD0300B3CDB4 /* Foundation.framework in Frameworks */,
				3240F9F117BA58B1002360A3 /* libSFBAudioEngine.a in Frameworks */,
			);
			runOnlyForDeploymentPostprocessing = 0;
		};
/* End PBXFrameworksBuildPhase section */

/* Begin PBXGroup section */
		29B97314FDCFA39411CA2CEA /* CFPlayer */ = {
			isa = PBXGroup;
			children = (
				32AEB27B1409AC84001F9A60 /* SFBAudioEngine */,
				3296832217B9DD0300B3CDB4 /* SimplePlayer-iOS */,
				29B97323FDCFA39411CA2CEA /* Frameworks */,
				3210AB8E17B9BF8000743639 /* Products */,
			);
			name = CFPlayer;
			sourceTree = "<group>";
		};
		29B97323FDCFA39411CA2CEA /* Frameworks */ = {
			isa = PBXGroup;
			children = (
				3240F9EE17BA57B4002360A3 /* Accelerate.framework */,
				3240F9EB17BA578C002360A3 /* AudioToolbox.framework */,
				32A1012016A50C2400EC1F9C /* Accelerate.framework */,
				329AB89F148B17AA00180506 /* ApplicationServices.framework */,
				32AEB2D51409BA25001F9A60 /* AudioToolbox.framework */,
				32AEB2D61409BA26001F9A60 /* AudioUnit.framework */,
				32AEB2D71409BA26001F9A60 /* CoreAudio.framework */,
				32AEB2D81409BA27001F9A60 /* CoreServices.framework */,
				32CB55B817B6EE6C004022E0 /* Security.framework */,
				3259C9C717389B850035D749 /* sndfile.framework */,
				3296821C17B9D23100B3CDB4 /* Foundation.framework */,
				3296822A17B9D23200B3CDB4 /* XCTest.framework */,
				3296822D17B9D23200B3CDB4 /* UIKit.framework */,
				3296831F17B9DD0300B3CDB4 /* CoreGraphics.framework */,
			);
			name = Frameworks;
			sourceTree = "<group>";
		};
		3210AB8E17B9BF8000743639 /* Products */ = {
			isa = PBXGroup;
			children = (
				3296821B17B9D23100B3CDB4 /* libSFBAudioEngine.a */,
				3296831D17B9DD0300B3CDB4 /* SimplePlayer-iOS.app */,
			);
			name = Products;
			sourceTree = "<group>";
		};
		3268F87D2456F984006A5911 /* Utilities */ = {
			isa = PBXGroup;
			children = (
				3268F8802456F984006A5911 /* CFWrapper.h */,
				3268F87F2456F984006A5911 /* NSError+SFBURLPresentation.h */,
				3268F8812456F984006A5911 /* NSError+SFBURLPresentation.m */,
				3268F87E2456F984006A5911 /* SFBCStringForOSType.h */,
			);
			path = Utilities;
			sourceTree = "<group>";
		};
		3268F8822456F984006A5911 /* Decoders */ = {
			isa = PBXGroup;
			children = (
				3268F8A62456F984006A5911 /* SFBAudioDecoding.h */,
				3268F8AD2456F984006A5911 /* SFBPCMDecoding.h */,
				3268F8892456F984006A5911 /* SFBAudioDecoder.h */,
				3268F8882456F984006A5911 /* SFBAudioDecoder+Internal.h */,
				3268F8A52456F984006A5911 /* SFBAudioDecoder.m */,
				3268F8A22456F984006A5911 /* SFBDSDPCMDecoder.h */,
				3268F88A2456F984006A5911 /* SFBDSDPCMDecoder.mm */,
				3268F8B22456F984006A5911 /* SFBLoopableRegionDecoder.h */,
				3268F8942456F984006A5911 /* SFBLoopableRegionDecoder.m */,
				3268F8872456F984006A5911 /* SFBCoreAudioDecoder.h */,
				3268F89A2456F984006A5911 /* SFBCoreAudioDecoder.m */,
				3268F8A02456F984006A5911 /* SFBFLACDecoder.h */,
				3268F8842456F984006A5911 /* SFBFLACDecoder.m */,
				3268F8AB2456F984006A5911 /* SFBLibsndfileDecoder.h */,
				3268F88B2456F984006A5911 /* SFBLibsndfileDecoder.m */,
				3268F8832456F984006A5911 /* SFBModuleDecoder.h */,
				3268F8A12456F984006A5911 /* SFBModuleDecoder.m */,
				3268F8A42456F984006A5911 /* SFBMonkeysAudioDecoder.h */,
				3268F8A32456F984006A5911 /* SFBMonkeysAudioDecoder.mm */,
				3268F8952456F984006A5911 /* SFBMPEGDecoder.h */,
				3268F8B12456F984006A5911 /* SFBMPEGDecoder.m */,
				3268F8A72456F984006A5911 /* SFBMusepackDecoder.h */,
				3268F8912456F984006A5911 /* SFBMusepackDecoder.m */,
				3268F8982456F984006A5911 /* SFBOggOpusDecoder.h */,
				3268F8AC2456F984006A5911 /* SFBOggOpusDecoder.m */,
				3268F8972456F984006A5911 /* SFBOggSpeexDecoder.h */,
				3268F8AF2456F984006A5911 /* SFBOggSpeexDecoder.m */,
				3268F8A92456F984006A5911 /* SFBOggVorbisDecoder.h */,
				3268F88D2456F984006A5911 /* SFBOggVorbisDecoder.m */,
				3268F8B02456F984006A5911 /* SFBTrueAudioDecoder.h */,
				3268F88F2456F984006A5911 /* SFBTrueAudioDecoder.mm */,
				3268F8932456F984006A5911 /* SFBWavPackDecoder.h */,
				3268F8B32456F984006A5911 /* SFBWavPackDecoder.m */,
				3268F8992456F984006A5911 /* SFBDSDDecoding.h */,
				3268F88E2456F984006A5911 /* SFBDSDDecoder.h */,
				3268F8862456F984006A5911 /* SFBDSDDecoder+Internal.h */,
				3268F8A82456F984006A5911 /* SFBDSDDecoder.m */,
				3268F8852456F984006A5911 /* SFBDSDIFFDecoder.h */,
				3268F8962456F984006A5911 /* SFBDSDIFFDecoder.mm */,
				3268F8B42456F984006A5911 /* SFBDSFDecoder.h */,
				3268F8922456F984006A5911 /* SFBDSFDecoder.m */,
				3268F8AA2456F984006A5911 /* SFBDoPDecoder.h */,
				3268F88C2456F984006A5911 /* SFBDoPDecoder.m */,
				3268F89B2456F984006A5911 /* Utilities */,
			);
			path = Decoders;
			sourceTree = "<group>";
		};
		3268F89B2456F984006A5911 /* Utilities */ = {
			isa = PBXGroup;
			children = (
				3268F89E2456F984006A5911 /* AVAudioChannelLayout+SFBChannelLabels.h */,
				3268F89C2456F984006A5911 /* AVAudioChannelLayout+SFBChannelLabels.m */,
				3268F89F2456F984006A5911 /* AVAudioPCMBuffer+SFBBufferUtilities.h */,
				3268F89D2456F984006A5911 /* AVAudioPCMBuffer+SFBBufferUtilities.m */,
			);
			path = Utilities;
			sourceTree = "<group>";
		};
		3268F8B52456F984006A5911 /* Analysis */ = {
			isa = PBXGroup;
			children = (
				3268F8B72456F984006A5911 /* SFBReplayGainAnalyzer.h */,
				3268F8B62456F984006A5911 /* SFBReplayGainAnalyzer.m */,
			);
			path = Analysis;
			sourceTree = "<group>";
		};
		3268F8B82456F984006A5911 /* Input */ = {
			isa = PBXGroup;
			children = (
				3268F8BD2456F984006A5911 /* SFBInputSource.h */,
				3268F8B92456F984006A5911 /* SFBInputSource+Internal.h */,
				3268F8C32456F984006A5911 /* SFBInputSource.m */,
				3268F8BE2456F984006A5911 /* SFBDataInputSource.h */,
				3268F8C52456F984006A5911 /* SFBDataInputSource.m */,
				3268F8BA2456F984006A5911 /* SFBFileContentsInputSource.h */,
				3268F8C02456F984006A5911 /* SFBFileContentsInputSource.m */,
				3268F8BC2456F984006A5911 /* SFBFileInputSource.h */,
				3268F8C12456F984006A5911 /* SFBFileInputSource.m */,
				3268F8C22456F984006A5911 /* SFBHTTPInputSource.h */,
				3268F8BB2456F984006A5911 /* SFBHTTPInputSource.m */,
				3268F8BF2456F984006A5911 /* SFBMemoryMappedFileInputSource.h */,
				3268F8C42456F984006A5911 /* SFBMemoryMappedFileInputSource.m */,
			);
			path = Input;
			sourceTree = "<group>";
		};
		3268F8C62456F984006A5911 /* Player */ = {
			isa = PBXGroup;
			children = (
				3268F8D42456F984006A5911 /* SFBAudioPlayerNode.h */,
				3268F8C82456F984006A5911 /* SFBAudioPlayerNode.mm */,
				3268F8D32456F984006A5911 /* SFBAudioPlayerNode.swift */,
				3268F8D22456F984006A5911 /* SFBAudioPlayer.h */,
				3268F8C72456F984006A5911 /* SFBAudioPlayer.mm */,
				3268F8D52456F984006A5911 /* SFBAudioPlayer.swift */,
				3268F8C92456F984006A5911 /* Utilities */,
			);
			path = Player;
			sourceTree = "<group>";
		};
		3268F8C92456F984006A5911 /* Utilities */ = {
			isa = PBXGroup;
			children = (
				3268F8CF2456F984006A5911 /* AudioFormat.h */,
				3268F8D02456F984006A5911 /* AudioFormat.cpp */,
				3268F8CB2456F984006A5911 /* AudioRingBuffer.h */,
				3268F8CA2456F984006A5911 /* AudioRingBuffer.cpp */,
				3268F8CC2456F984006A5911 /* AVAudioFormat+SFBFormatTransformation.h */,
				3268F8CE2456F984006A5911 /* AVAudioFormat+SFBFormatTransformation.m */,
				3268F8D12456F984006A5911 /* RingBuffer.h */,
				3268F8CD2456F984006A5911 /* RingBuffer.cpp */,
			);
			path = Utilities;
			sourceTree = "<group>";
		};
		3268F90B2456F9E6006A5911 /* Device */ = {
			isa = PBXGroup;
			children = (
				3268F9122456F9E6006A5911 /* SFBAudioDevice.h */,
				3268F90F2456F9E6006A5911 /* SFBAudioDevice.m */,
				3268F9142456F9E6006A5911 /* SFBAudioDevice.swift */,
				3268F9112456F9E6006A5911 /* SFBAudioDeviceDataSource.h */,
				3268F90D2456F9E6006A5911 /* SFBAudioDeviceDataSource.m */,
				3268F90C2456F9E6006A5911 /* SFBAudioDeviceNotifier.h */,
				3268F9102456F9E6006A5911 /* SFBAudioDeviceNotifier.m */,
				3268F9132456F9E6006A5911 /* SFBAudioOutputDevice.h */,
				3268F90E2456F9E6006A5911 /* SFBAudioOutputDevice.m */,
			);
			path = Device;
			sourceTree = "<group>";
		};
		3296832217B9DD0300B3CDB4 /* SimplePlayer-iOS */ = {
			isa = PBXGroup;
			children = (
				3296832B17B9DD0300B3CDB4 /* AppDelegate.h */,
				3296832C17B9DD0300B3CDB4 /* AppDelegate.mm */,
				3296832E17B9DD0300B3CDB4 /* Main_iPhone.storyboard */,
				3296833117B9DD0300B3CDB4 /* Main_iPad.storyboard */,
				3296833417B9DD0300B3CDB4 /* ViewController.h */,
				3296833517B9DD0300B3CDB4 /* ViewController.mm */,
				3296833717B9DD0300B3CDB4 /* Images.xcassets */,
				3296832317B9DD0300B3CDB4 /* Supporting Files */,
			);
			path = "SimplePlayer-iOS";
			sourceTree = "<group>";
		};
		3296832317B9DD0300B3CDB4 /* Supporting Files */ = {
			isa = PBXGroup;
			children = (
				3240F9FB17BC4298002360A3 /* tone16bit.flac */,
				3296832417B9DD0300B3CDB4 /* SimplePlayer-iOS-Info.plist */,
				3296832517B9DD0300B3CDB4 /* InfoPlist.strings */,
				3296832817B9DD0300B3CDB4 /* main.m */,
				3296832A17B9DD0300B3CDB4 /* SimplePlayer-iOS-Prefix.pch */,
			);
			name = "Supporting Files";
			sourceTree = "<group>";
		};
		32AEB27B1409AC84001F9A60 /* SFBAudioEngine */ = {
			isa = PBXGroup;
			children = (
				3268F8C62456F984006A5911 /* Player */,
				3268F90B2456F9E6006A5911 /* Device */,
				3268F8822456F984006A5911 /* Decoders */,
				3268F8B82456F984006A5911 /* Input */,
				3268F8B52456F984006A5911 /* Analysis */,
				3268F87D2456F984006A5911 /* Utilities */,
			);
			name = SFBAudioEngine;
			sourceTree = "<group>";
		};
/* End PBXGroup section */

/* Begin PBXNativeTarget section */
		3296821A17B9D23100B3CDB4 /* libSFBAudioEngine */ = {
			isa = PBXNativeTarget;
			buildConfigurationList = 3296823A17B9D23200B3CDB4 /* Build configuration list for PBXNativeTarget "libSFBAudioEngine" */;
			buildPhases = (
				3296821717B9D23100B3CDB4 /* Sources */,
				3296821817B9D23100B3CDB4 /* Frameworks */,
				3296821917B9D23100B3CDB4 /* CopyFiles */,
			);
			buildRules = (
			);
			dependencies = (
			);
			name = libSFBAudioEngine;
			productName = lib;
			productReference = 3296821B17B9D23100B3CDB4 /* libSFBAudioEngine.a */;
			productType = "com.apple.product-type.library.static";
		};
		3296831C17B9DD0300B3CDB4 /* SimplePlayer-iOS */ = {
			isa = PBXNativeTarget;
			buildConfigurationList = 3296834B17B9DD0400B3CDB4 /* Build configuration list for PBXNativeTarget "SimplePlayer-iOS" */;
			buildPhases = (
				3296831917B9DD0300B3CDB4 /* Sources */,
				3296831A17B9DD0300B3CDB4 /* Frameworks */,
				3296831B17B9DD0300B3CDB4 /* Resources */,
			);
			buildRules = (
			);
			dependencies = (
				3296835217B9DE0400B3CDB4 /* PBXTargetDependency */,
			);
			name = "SimplePlayer-iOS";
			productName = "SimplePlayer-iOS";
			productReference = 3296831D17B9DD0300B3CDB4 /* SimplePlayer-iOS.app */;
			productType = "com.apple.product-type.application";
		};
/* End PBXNativeTarget section */

/* Begin PBXProject section */
		29B97313FDCFA39411CA2CEA /* Project object */ = {
			isa = PBXProject;
			attributes = {
				LastUpgradeCheck = 1140;
				ORGANIZATIONNAME = sbooth.org;
			};
			buildConfigurationList = C01FCF4E08A954540054247B /* Build configuration list for PBXProject "SFBAudioEngine-iOS" */;
			compatibilityVersion = "Xcode 3.2";
			developmentRegion = en;
			hasScannedForEncodings = 1;
			knownRegions = (
				en,
				Base,
			);
			mainGroup = 29B97314FDCFA39411CA2CEA /* CFPlayer */;
			productRefGroup = 3210AB8E17B9BF8000743639 /* Products */;
			projectDirPath = "";
			projectRoot = "";
			targets = (
				3296821A17B9D23100B3CDB4 /* libSFBAudioEngine */,
				3296831C17B9DD0300B3CDB4 /* SimplePlayer-iOS */,
			);
		};
/* End PBXProject section */

/* Begin PBXResourcesBuildPhase section */
		3296831B17B9DD0300B3CDB4 /* Resources */ = {
			isa = PBXResourcesBuildPhase;
			buildActionMask = 2147483647;
			files = (
				3296833317B9DD0300B3CDB4 /* Main_iPad.storyboard in Resources */,
				3240F9FC17BC4298002360A3 /* tone16bit.flac in Resources */,
				3296833817B9DD0300B3CDB4 /* Images.xcassets in Resources */,
				3296833017B9DD0300B3CDB4 /* Main_iPhone.storyboard in Resources */,
				3296832717B9DD0300B3CDB4 /* InfoPlist.strings in Resources */,
			);
			runOnlyForDeploymentPostprocessing = 0;
		};
/* End PBXResourcesBuildPhase section */

/* Begin PBXSourcesBuildPhase section */
		3296821717B9D23100B3CDB4 /* Sources */ = {
			isa = PBXSourcesBuildPhase;
			buildActionMask = 2147483647;
			files = (
				3268F8E42456F984006A5911 /* SFBDoPDecoder.m in Sources */,
				3268F8ED2456F984006A5911 /* AVAudioPCMBuffer+SFBBufferUtilities.m in Sources */,
				3268F8EC2456F984006A5911 /* AVAudioChannelLayout+SFBChannelLabels.m in Sources */,
				3268F8F82456F984006A5911 /* SFBHTTPInputSource.m in Sources */,
				3268F8FA2456F984006A5911 /* SFBFileInputSource.m in Sources */,
				3268F9182456F9E6006A5911 /* SFBAudioDeviceNotifier.m in Sources */,
				3268F8F92456F984006A5911 /* SFBFileContentsInputSource.m in Sources */,
				3268F9192456F9E6006A5911 /* SFBAudioDevice.swift in Sources */,
				3268F8F02456F984006A5911 /* SFBAudioDecoder.m in Sources */,
				3268F8E92456F984006A5911 /* SFBLoopableRegionDecoder.m in Sources */,
				3268F8EA2456F984006A5911 /* SFBDSDIFFDecoder.mm in Sources */,
				3268F8FE2456F984006A5911 /* SFBAudioPlayer.mm in Sources */,
				3268F8E22456F984006A5911 /* SFBDSDPCMDecoder.mm in Sources */,
				3268F9152456F9E6006A5911 /* SFBAudioDeviceDataSource.m in Sources */,
				3268F9172456F9E6006A5911 /* SFBAudioDevice.m in Sources */,
				3268F9052456F984006A5911 /* SFBAudioPlayer.swift in Sources */,
				3268F9032456F984006A5911 /* AudioFormat.cpp in Sources */,
				3268F8F72456F984006A5911 /* SFBReplayGainAnalyzer.m in Sources */,
				3268F8E82456F984006A5911 /* SFBDSFDecoder.m in Sources */,
				3268F8EB2456F984006A5911 /* SFBCoreAudioDecoder.m in Sources */,
				3268F8FD2456F984006A5911 /* SFBDataInputSource.m in Sources */,
				3268F8FC2456F984006A5911 /* SFBMemoryMappedFileInputSource.m in Sources */,
				3268F9002456F984006A5911 /* AudioRingBuffer.cpp in Sources */,
				3268F9012456F984006A5911 /* RingBuffer.cpp in Sources */,
				3268F9162456F9E6006A5911 /* SFBAudioOutputDevice.m in Sources */,
				3268F8FB2456F984006A5911 /* SFBInputSource.m in Sources */,
				3268F9022456F984006A5911 /* AVAudioFormat+SFBFormatTransformation.m in Sources */,
				3268F8E02456F984006A5911 /* NSError+SFBURLPresentation.m in Sources */,
				3268F8FF2456F984006A5911 /* SFBAudioPlayerNode.mm in Sources */,
				3268F8F12456F984006A5911 /* SFBDSDDecoder.m in Sources */,
				3268F9042456F984006A5911 /* SFBAudioPlayerNode.swift in Sources */,
			);
			runOnlyForDeploymentPostprocessing = 0;
		};
		3296831917B9DD0300B3CDB4 /* Sources */ = {
			isa = PBXSourcesBuildPhase;
			buildActionMask = 2147483647;
			files = (
				3296833617B9DD0300B3CDB4 /* ViewController.mm in Sources */,
				3296832D17B9DD0300B3CDB4 /* AppDelegate.mm in Sources */,
				3296832917B9DD0300B3CDB4 /* main.m in Sources */,
			);
			runOnlyForDeploymentPostprocessing = 0;
		};
/* End PBXSourcesBuildPhase section */

/* Begin PBXTargetDependency section */
		3296835217B9DE0400B3CDB4 /* PBXTargetDependency */ = {
			isa = PBXTargetDependency;
			target = 3296821A17B9D23100B3CDB4 /* libSFBAudioEngine */;
			targetProxy = 3296835117B9DE0400B3CDB4 /* PBXContainerItemProxy */;
		};
/* End PBXTargetDependency section */

/* Begin PBXVariantGroup section */
		3296832517B9DD0300B3CDB4 /* InfoPlist.strings */ = {
			isa = PBXVariantGroup;
			children = (
				3296832617B9DD0300B3CDB4 /* en */,
			);
			name = InfoPlist.strings;
			sourceTree = "<group>";
		};
		3296832E17B9DD0300B3CDB4 /* Main_iPhone.storyboard */ = {
			isa = PBXVariantGroup;
			children = (
				3296832F17B9DD0300B3CDB4 /* Base */,
			);
			name = Main_iPhone.storyboard;
			sourceTree = "<group>";
		};
		3296833117B9DD0300B3CDB4 /* Main_iPad.storyboard */ = {
			isa = PBXVariantGroup;
			children = (
				3296833217B9DD0300B3CDB4 /* Base */,
			);
			name = Main_iPad.storyboard;
			sourceTree = "<group>";
		};
/* End PBXVariantGroup section */

/* Begin XCBuildConfiguration section */
		3296823B17B9D23200B3CDB4 /* Debug */ = {
			isa = XCBuildConfiguration;
			buildSettings = {
				CLANG_WARN_OBJC_ROOT_CLASS = YES_ERROR;
				DSTROOT = /tmp/libSFBAudioEngine.dst;
				GCC_DYNAMIC_NO_PIC = NO;
				GCC_SYMBOLS_PRIVATE_EXTERN = NO;
				"HEADER_SEARCH_PATHS[sdk=iphoneos*][arch=armv7]" = "$(SRCROOT)/Libraries/ios-armv7-clang-libc++/include";
				"HEADER_SEARCH_PATHS[sdk=iphoneos*][arch=armv7s]" = "$(SRCROOT)/Libraries/ios-armv7s-clang-libc++/include";
				"HEADER_SEARCH_PATHS[sdk=iphonesimulator*]" = "$(SRCROOT)/Libraries/ios-simulator-clang-libc++/include";
				"LIBRARY_SEARCH_PATHS[sdk=iphoneos*][arch=armv7]" = "$(SRCROOT)/Libraries/ios-armv7-clang-libc++/lib";
				"LIBRARY_SEARCH_PATHS[sdk=iphoneos*][arch=armv7s]" = "$(SRCROOT)/Libraries/ios-armv7s-clang-libc++/lib";
				"LIBRARY_SEARCH_PATHS[sdk=iphonesimulator*]" = "$(SRCROOT)/Libraries/ios-simulator-clang-libc++/lib";
				OTHER_LDFLAGS = (
					"-lFLAC",
					"-lmpg123",
					"-logg",
					"-lspeex",
					"-lvorbis",
					"-lvorbisfile",
					"-lwavpack",
				);
				PRODUCT_NAME = SFBAudioEngine;
				SKIP_INSTALL = YES;
			};
			name = Debug;
		};
		3296823C17B9D23200B3CDB4 /* Release */ = {
			isa = XCBuildConfiguration;
			buildSettings = {
				CLANG_WARN_OBJC_ROOT_CLASS = YES_ERROR;
				COPY_PHASE_STRIP = YES;
				DSTROOT = /tmp/libSFBAudioEngine.dst;
				"HEADER_SEARCH_PATHS[sdk=iphoneos*][arch=armv7]" = "$(SRCROOT)/Libraries/ios-armv7-clang-libc++/include";
				"HEADER_SEARCH_PATHS[sdk=iphoneos*][arch=armv7s]" = "$(SRCROOT)/Libraries/ios-armv7s-clang-libc++/include";
				"HEADER_SEARCH_PATHS[sdk=iphonesimulator*]" = "$(SRCROOT)/Libraries/ios-simulator-clang-libc++/include";
				"LIBRARY_SEARCH_PATHS[sdk=iphoneos*][arch=armv7]" = "$(SRCROOT)/Libraries/ios-armv7-clang-libc++/lib";
				"LIBRARY_SEARCH_PATHS[sdk=iphoneos*][arch=armv7s]" = "$(SRCROOT)/Libraries/ios-armv7s-clang-libc++/lib";
				"LIBRARY_SEARCH_PATHS[sdk=iphonesimulator*]" = "$(SRCROOT)/Libraries/ios-simulator-clang-libc++/lib";
				OTHER_LDFLAGS = (
					"-lFLAC",
					"-lmpg123",
					"-logg",
					"-lspeex",
					"-lvorbis",
					"-lvorbisfile",
					"-lwavpack",
				);
				PRODUCT_NAME = SFBAudioEngine;
				SKIP_INSTALL = YES;
			};
			name = Release;
		};
		3296834C17B9DD0400B3CDB4 /* Debug */ = {
			isa = XCBuildConfiguration;
			buildSettings = {
				ASSETCATALOG_COMPILER_APPICON_NAME = AppIcon;
				ASSETCATALOG_COMPILER_LAUNCHIMAGE_NAME = LaunchImage;
				CLANG_WARN_OBJC_ROOT_CLASS = YES_ERROR;
				FRAMEWORK_SEARCH_PATHS = (
					"$(inherited)",
					"$(DEVELOPER_FRAMEWORKS_DIR)",
				);
				GCC_DYNAMIC_NO_PIC = NO;
				GCC_PRECOMPILE_PREFIX_HEADER = YES;
				GCC_PREFIX_HEADER = "SimplePlayer-iOS/SimplePlayer-iOS-Prefix.pch";
				GCC_PREPROCESSOR_DEFINITIONS = (
					"DEBUG=1",
					"$(inherited)",
				);
				GCC_SYMBOLS_PRIVATE_EXTERN = NO;
				GCC_WARN_UNINITIALIZED_AUTOS = YES;
				INFOPLIST_FILE = "SimplePlayer-iOS/SimplePlayer-iOS-Info.plist";
				IPHONEOS_DEPLOYMENT_TARGET = 8.0;
				OTHER_LDFLAGS = "-Wl,-force_load,$(BUILT_PRODUCTS_DIR)/libSFBAudioEngine.a";
				PRODUCT_BUNDLE_IDENTIFIER = "org.sbooth.${PRODUCT_NAME:rfc1034identifier}";
				PRODUCT_NAME = "$(TARGET_NAME)";
				WRAPPER_EXTENSION = app;
			};
			name = Debug;
		};
		3296834D17B9DD0400B3CDB4 /* Release */ = {
			isa = XCBuildConfiguration;
			buildSettings = {
				ASSETCATALOG_COMPILER_APPICON_NAME = AppIcon;
				ASSETCATALOG_COMPILER_LAUNCHIMAGE_NAME = LaunchImage;
				CLANG_WARN_OBJC_ROOT_CLASS = YES_ERROR;
				COPY_PHASE_STRIP = YES;
				FRAMEWORK_SEARCH_PATHS = (
					"$(inherited)",
					"$(DEVELOPER_FRAMEWORKS_DIR)",
				);
				GCC_PRECOMPILE_PREFIX_HEADER = YES;
				GCC_PREFIX_HEADER = "SimplePlayer-iOS/SimplePlayer-iOS-Prefix.pch";
				INFOPLIST_FILE = "SimplePlayer-iOS/SimplePlayer-iOS-Info.plist";
				IPHONEOS_DEPLOYMENT_TARGET = 8.0;
				OTHER_LDFLAGS = "-Wl,-force_load,$(BUILT_PRODUCTS_DIR)/libSFBAudioEngine.a";
				PRODUCT_BUNDLE_IDENTIFIER = "org.sbooth.${PRODUCT_NAME:rfc1034identifier}";
				PRODUCT_NAME = "$(TARGET_NAME)";
				WRAPPER_EXTENSION = app;
			};
			name = Release;
		};
		C01FCF4F08A954540054247B /* Debug */ = {
			isa = XCBuildConfiguration;
			buildSettings = {
				ALWAYS_SEARCH_USER_PATHS = NO;
				CLANG_ANALYZER_LOCALIZABILITY_NONLOCALIZED = YES;
				CLANG_CXX_LANGUAGE_STANDARD = "gnu++0x";
				CLANG_CXX_LIBRARY = "libc++";
				CLANG_ENABLE_MODULES = YES;
				CLANG_ENABLE_OBJC_ARC = YES;
				CLANG_WARN_BLOCK_CAPTURE_AUTORELEASING = YES;
				CLANG_WARN_BOOL_CONVERSION = YES;
				CLANG_WARN_COMMA = YES;
				CLANG_WARN_CONSTANT_CONVERSION = YES;
				CLANG_WARN_DEPRECATED_OBJC_IMPLEMENTATIONS = YES;
				CLANG_WARN_DIRECT_OBJC_ISA_USAGE = YES_ERROR;
				CLANG_WARN_EMPTY_BODY = YES;
				CLANG_WARN_ENUM_CONVERSION = YES;
				CLANG_WARN_IMPLICIT_SIGN_CONVERSION = YES;
				CLANG_WARN_INFINITE_RECURSION = YES;
				CLANG_WARN_INT_CONVERSION = YES;
				CLANG_WARN_OBJC_IMPLICIT_RETAIN_SELF = YES;
				CLANG_WARN_RANGE_LOOP_ANALYSIS = YES;
				CLANG_WARN_STRICT_PROTOTYPES = YES;
				CLANG_WARN_SUSPICIOUS_IMPLICIT_CONVERSION = YES;
				CLANG_WARN_SUSPICIOUS_MOVE = YES;
				CLANG_WARN_UNREACHABLE_CODE = YES;
				CLANG_WARN__DUPLICATE_METHOD_MATCH = YES;
				"CODE_SIGN_IDENTITY[sdk=iphoneos*]" = "iPhone Developer";
				COPY_PHASE_STRIP = NO;
				ENABLE_STRICT_OBJC_MSGSEND = YES;
				ENABLE_TESTABILITY = YES;
				GCC_C_LANGUAGE_STANDARD = gnu99;
				GCC_NO_COMMON_BLOCKS = YES;
				GCC_OPTIMIZATION_LEVEL = 0;
				GCC_PREPROCESSOR_DEFINITIONS = "DEBUG=1";
				GCC_TREAT_IMPLICIT_FUNCTION_DECLARATIONS_AS_ERRORS = YES;
				GCC_TREAT_INCOMPATIBLE_POINTER_TYPE_WARNINGS_AS_ERRORS = YES;
				GCC_VERSION = com.apple.compilers.llvm.clang.1_0;
				GCC_WARN_64_TO_32_BIT_CONVERSION = YES;
				GCC_WARN_ABOUT_MISSING_NEWLINE = YES;
				GCC_WARN_ABOUT_MISSING_PROTOTYPES = YES;
				GCC_WARN_ABOUT_RETURN_TYPE = YES_ERROR;
				GCC_WARN_HIDDEN_VIRTUAL_FUNCTIONS = YES;
				GCC_WARN_INITIALIZER_NOT_FULLY_BRACKETED = YES;
				GCC_WARN_NON_VIRTUAL_DESTRUCTOR = YES;
				GCC_WARN_SHADOW = YES;
				GCC_WARN_SIGN_COMPARE = YES;
				GCC_WARN_UNDECLARED_SELECTOR = YES;
				GCC_WARN_UNINITIALIZED_AUTOS = NO;
				GCC_WARN_UNUSED_FUNCTION = YES;
				GCC_WARN_UNUSED_VARIABLE = YES;
				IPHONEOS_DEPLOYMENT_TARGET = 13.0;
				ONLY_ACTIVE_ARCH = YES;
				SDKROOT = iphoneos;
				TARGETED_DEVICE_FAMILY = "1,2";
			};
			name = Debug;
		};
		C01FCF5008A954540054247B /* Release */ = {
			isa = XCBuildConfiguration;
			buildSettings = {
				ALWAYS_SEARCH_USER_PATHS = NO;
				CLANG_ANALYZER_LOCALIZABILITY_NONLOCALIZED = YES;
				CLANG_CXX_LANGUAGE_STANDARD = "gnu++0x";
				CLANG_CXX_LIBRARY = "libc++";
				CLANG_ENABLE_MODULES = YES;
				CLANG_ENABLE_OBJC_ARC = YES;
				CLANG_WARN_BLOCK_CAPTURE_AUTORELEASING = YES;
				CLANG_WARN_BOOL_CONVERSION = YES;
				CLANG_WARN_COMMA = YES;
				CLANG_WARN_CONSTANT_CONVERSION = YES;
				CLANG_WARN_DEPRECATED_OBJC_IMPLEMENTATIONS = YES;
				CLANG_WARN_DIRECT_OBJC_ISA_USAGE = YES_ERROR;
				CLANG_WARN_EMPTY_BODY = YES;
				CLANG_WARN_ENUM_CONVERSION = YES;
				CLANG_WARN_IMPLICIT_SIGN_CONVERSION = YES;
				CLANG_WARN_INFINITE_RECURSION = YES;
				CLANG_WARN_INT_CONVERSION = YES;
				CLANG_WARN_OBJC_IMPLICIT_RETAIN_SELF = YES;
				CLANG_WARN_RANGE_LOOP_ANALYSIS = YES;
				CLANG_WARN_STRICT_PROTOTYPES = YES;
				CLANG_WARN_SUSPICIOUS_IMPLICIT_CONVERSION = YES;
				CLANG_WARN_SUSPICIOUS_MOVE = YES;
				CLANG_WARN_UNREACHABLE_CODE = YES;
				CLANG_WARN__DUPLICATE_METHOD_MATCH = YES;
				"CODE_SIGN_IDENTITY[sdk=iphoneos*]" = "iPhone Developer";
				ENABLE_NS_ASSERTIONS = NO;
				ENABLE_STRICT_OBJC_MSGSEND = YES;
				GCC_C_LANGUAGE_STANDARD = gnu99;
				GCC_NO_COMMON_BLOCKS = YES;
				GCC_TREAT_IMPLICIT_FUNCTION_DECLARATIONS_AS_ERRORS = YES;
				GCC_TREAT_INCOMPATIBLE_POINTER_TYPE_WARNINGS_AS_ERRORS = YES;
				GCC_VERSION = com.apple.compilers.llvm.clang.1_0;
				GCC_WARN_64_TO_32_BIT_CONVERSION = YES;
				GCC_WARN_ABOUT_MISSING_NEWLINE = YES;
				GCC_WARN_ABOUT_MISSING_PROTOTYPES = YES;
				GCC_WARN_ABOUT_RETURN_TYPE = YES_ERROR;
				GCC_WARN_HIDDEN_VIRTUAL_FUNCTIONS = YES;
				GCC_WARN_INITIALIZER_NOT_FULLY_BRACKETED = YES;
				GCC_WARN_NON_VIRTUAL_DESTRUCTOR = YES;
				GCC_WARN_SHADOW = YES;
				GCC_WARN_SIGN_COMPARE = YES;
				GCC_WARN_UNDECLARED_SELECTOR = YES;
				GCC_WARN_UNINITIALIZED_AUTOS = YES;
				GCC_WARN_UNUSED_FUNCTION = YES;
				GCC_WARN_UNUSED_VARIABLE = YES;
				IPHONEOS_DEPLOYMENT_TARGET = 13.0;
				SDKROOT = iphoneos;
				TARGETED_DEVICE_FAMILY = "1,2";
				VALIDATE_PRODUCT = YES;
			};
			name = Release;
		};
/* End XCBuildConfiguration section */

/* Begin XCConfigurationList section */
		3296823A17B9D23200B3CDB4 /* Build configuration list for PBXNativeTarget "libSFBAudioEngine" */ = {
			isa = XCConfigurationList;
			buildConfigurations = (
				3296823B17B9D23200B3CDB4 /* Debug */,
				3296823C17B9D23200B3CDB4 /* Release */,
			);
			defaultConfigurationIsVisible = 0;
			defaultConfigurationName = Release;
		};
		3296834B17B9DD0400B3CDB4 /* Build configuration list for PBXNativeTarget "SimplePlayer-iOS" */ = {
			isa = XCConfigurationList;
			buildConfigurations = (
				3296834C17B9DD0400B3CDB4 /* Debug */,
				3296834D17B9DD0400B3CDB4 /* Release */,
			);
			defaultConfigurationIsVisible = 0;
			defaultConfigurationName = Release;
		};
		C01FCF4E08A954540054247B /* Build configuration list for PBXProject "SFBAudioEngine-iOS" */ = {
			isa = XCConfigurationList;
			buildConfigurations = (
				C01FCF4F08A954540054247B /* Debug */,
				C01FCF5008A954540054247B /* Release */,
			);
			defaultConfigurationIsVisible = 0;
			defaultConfigurationName = Release;
		};
/* End XCConfigurationList section */
	};
	rootObject = 29B97313FDCFA39411CA2CEA /* Project object */;
}
